{
  "originHash" : "2395e5f487a1af89a5868998e083633463176f80b3244afab594075346e71d57",
  "pins" : [
    {
      "identity" : "grdb.swift",
      "kind" : "remoteSourceControl",
      "location" : "https://github.com/inlinehq/GRDB.swift",
      "state" : {
        "revision" : "a12353533a361854e3ba63b6cda7349cecfbb82c",
        "version" : "3.0.8"
      }
    },
    {
      "identity" : "grdbquery",
      "kind" : "remoteSourceControl",
      "location" : "https://github.com/inlinehq/GRDBQuery",
      "state" : {
        "revision" : "04809d6774e246c9d3b05670c23ea018f152e5b2",
        "version" : "0.10.2"
      }
    },
    {
      "identity" : "keychain-swift",
      "kind" : "remoteSourceControl",
      "location" : "https://github.com/evgenyneu/keychain-swift.git",
      "state" : {
        "revision" : "5e1b02b6a9dac2a759a1d5dbc175c86bd192a608",
        "version" : "24.0.0"
      }
    },
    {
      "identity" : "sentry-cocoa",
      "kind" : "remoteSourceControl",
      "location" : "https://github.com/getsentry/sentry-cocoa",
      "state" : {
        "revision" : "0b8ba88f5fd70062887d55f87a970c59b1ceebcf",
        "version" : "8.39.0"
      }
    }
  ],
  "version" : 3
}
