{
  "originHash" : "473450a8e956d9ff05121ade5e6ed6c88cfec9baefdfe2d9c956aa95388f9756",
  "pins" : [
    {
      "identity" : "grdb.swift",
      "kind" : "remoteSourceControl",
      "location" : "https://github.com/inlinehq/GRDB.swift",
      "state" : {
        "revision" : "a12353533a361854e3ba63b6cda7349cecfbb82c",
        "version" : "3.0.8"
      }
    },
    {
      "identity" : "grdbquery",
      "kind" : "remoteSourceControl",
      "location" : "https://github.com/inlinehq/GRDBQuery",
      "state" : {
        "revision" : "04809d6774e246c9d3b05670c23ea018f152e5b2",
        "version" : "0.10.2"
      }
    },
    {
      "identity" : "keychain-swift",
      "kind" : "remoteSourceControl",
      "location" : "https://github.com/evgenyneu/keychain-swift.git",
      "state" : {
        "revision" : "5e1b02b6a9dac2a759a1d5dbc175c86bd192a608",
        "version" : "24.0.0"
      }
    },
    {
      "identity" : "sentry-cocoa",
      "kind" : "remoteSourceControl",
      "location" : "https://github.com/getsentry/sentry-cocoa",
      "state" : {
        "revision" : "0b8ba88f5fd70062887d55f87a970c59b1ceebcf",
        "version" : "8.39.0"
      }
    },
    {
      "identity" : "swift-atomics",
      "kind" : "remoteSourceControl",
      "location" : "https://github.com/apple/swift-atomics.git",
      "state" : {
        "revision" : "cd142fd2f64be2100422d658e7411e39489da985",
        "version" : "1.2.0"
      }
    }
  ],
  "version" : 3
}
