{
  "originHash" : "a6c7324c52875345c8dd299a8aa33a7b86aa14aee3dadc4566ae993e3d708b0e",
  "pins" : [
    {
      "identity" : "grdb.swift",
      "kind" : "remoteSourceControl",
      "location" : "https://github.com/inlinehq/GRDB.swift",
      "state" : {
        "revision" : "a12353533a361854e3ba63b6cda7349cecfbb82c",
        "version" : "3.0.8"
      }
    },
    {
      "identity" : "keychain-swift",
      "kind" : "remoteSourceControl",
      "location" : "https://github.com/evgenyneu/keychain-swift.git",
      "state" : {
        "revision" : "5e1b02b6a9dac2a759a1d5dbc175c86bd192a608",
        "version" : "24.0.0"
      }
    },
    {
      "identity" : "sentry-cocoa",
      "kind" : "remoteSourceControl",
      "location" : "https://github.com/getsentry/sentry-cocoa",
      "state" : {
        "revision" : "54cc2e3e4fcbf9d4c7708ce00d3b6eee29aecbb1",
        "version" : "8.38.0"
      }
    }
  ],
  "version" : 3
}
