// !$*UTF8*$!
{
	archiveVersion = 1;
	classes = {
	};
	objectVersion = 77;
	objects = {

/* Begin PBXBuildFile section */
		B7020C4C2DCE1534007099D9 /* share.appex in Embed Foundation Extensions */ = {isa = PBXBuildFile; fileRef = B7020C422DCE1534007099D9 /* share.appex */; settings = {ATTRIBUTES = (RemoveHeadersOnCopy, ); }; };
		B7020C542DCE157F007099D9 /* InlineConfig in Frameworks */ = {isa = PBXBuildFile; productRef = B7020C532DCE157F007099D9 /* InlineConfig */; };
		B7020C562DCE157F007099D9 /* InlineKit in Frameworks */ = {isa = PBXBuildFile; productRef = B7020C552DCE157F007099D9 /* InlineKit */; };
		B7020C582DCE157F007099D9 /* InlineProtocol in Frameworks */ = {isa = PBXBuildFile; productRef = B7020C572DCE157F007099D9 /* InlineProtocol */; };
		B7020C5A2DCE1585007099D9 /* InlineUI in Frameworks */ = {isa = PBXBuildFile; productRef = B7020C592DCE1585007099D9 /* InlineUI */; };
		B7020C5C2DCE1585007099D9 /* GRDB in Frameworks */ = {isa = PBXBuildFile; productRef = B7020C5B2DCE1585007099D9 /* GRDB */; };
		B7020C5E2DCE1592007099D9 /* Nuke in Frameworks */ = {isa = PBXBuildFile; productRef = B7020C5D2DCE1592007099D9 /* Nuke */; };
		B7020C602DCE1593007099D9 /* NukeExtensions in Frameworks */ = {isa = PBXBuildFile; productRef = B7020C5F2DCE1593007099D9 /* NukeExtensions */; };
		B7020C622DCE1593007099D9 /* NukeUI in Frameworks */ = {isa = PBXBuildFile; productRef = B7020C612DCE1593007099D9 /* NukeUI */; };
		B7020C642DCE1593007099D9 /* NukeVideo in Frameworks */ = {isa = PBXBuildFile; productRef = B7020C632DCE1593007099D9 /* NukeVideo */; };
		B77EE8082DC91CFD00C42B9E /* iPhoneNumberField in Frameworks */ = {isa = PBXBuildFile; productRef = B77EE8072DC91CFD00C42B9E /* iPhoneNumberField */; };
		B7C0676B2DB7F44900EAADA4 /* iMessageUI.framework in Frameworks */ = {isa = PBXBuildFile; fileRef = B7C0674E2DB7F2BA00EAADA4 /* iMessageUI.framework */; };
		B7C0676C2DB7F44900EAADA4 /* iMessageUI.framework in Embed Frameworks */ = {isa = PBXBuildFile; fileRef = B7C0674E2DB7F2BA00EAADA4 /* iMessageUI.framework */; settings = {ATTRIBUTES = (CodeSignOnCopy, RemoveHeadersOnCopy, ); }; };
		C35092CA2CAEA7DB00AE3E23 /* Sentry in Frameworks */ = {isa = PBXBuildFile; productRef = C35092C92CAEA7DB00AE3E23 /* Sentry */; };
		C35092D52CAEE8EA00AE3E23 /* KeychainSwift in Frameworks */ = {isa = PBXBuildFile; productRef = C35092D42CAEE8EA00AE3E23 /* KeychainSwift */; };
		C35E950E2CAC497700D569AF /* GRDB in Frameworks */ = {isa = PBXBuildFile; productRef = C35E950D2CAC497700D569AF /* GRDB */; };
		C35EC8222CC2A24A0067979B /* InlineKit in Frameworks */ = {isa = PBXBuildFile; productRef = C35EC8212CC2A24A0067979B /* InlineKit */; };
		C35EC9F42CC4176D0067979B /* SwiftUIIntrospect in Frameworks */ = {isa = PBXBuildFile; productRef = C35EC9F32CC4176D0067979B /* SwiftUIIntrospect */; };
		C37F34402D5A4D4800D7D7CC /* MCEmojiPicker in Frameworks */ = {isa = PBXBuildFile; productRef = C37F343F2D5A4D4800D7D7CC /* MCEmojiPicker */; };
		C38C905E2CB9431900B78B8A /* InlineKit in Frameworks */ = {isa = PBXBuildFile; productRef = C38C905D2CB9431900B78B8A /* InlineKit */; };
		C38C90602CB9432200B78B8A /* InlineKit in Frameworks */ = {isa = PBXBuildFile; productRef = C38C905F2CB9432200B78B8A /* InlineKit */; };
		C3AEE6AA2D4FCDC9005D1179 /* Nuke in Frameworks */ = {isa = PBXBuildFile; productRef = C3AEE6A92D4FCDC9005D1179 /* Nuke */; };
		C3AEE6AC2D4FCDD0005D1179 /* NukeUI in Frameworks */ = {isa = PBXBuildFile; productRef = C3AEE6AB2D4FCDD0005D1179 /* NukeUI */; };
		C3CC99192CCE9AF7007F7F77 /* InlineUI in Frameworks */ = {isa = PBXBuildFile; productRef = C3CC99182CCE9AF7007F7F77 /* InlineUI */; };
		C3CC991B2CCE9AFF007F7F77 /* InlineUI in Frameworks */ = {isa = PBXBuildFile; productRef = C3CC991A2CCE9AFF007F7F77 /* InlineUI */; };
		C3E6D5CB2CAE82B00048D2D8 /* GRDB in Frameworks */ = {isa = PBXBuildFile; productRef = C3E6D5CA2CAE82B00048D2D8 /* GRDB */; };
		CD0A3CDA2CD536DF0081AD69 /* GRDBQuery in Frameworks */ = {isa = PBXBuildFile; productRef = CD0A3CD92CD536DF0081AD69 /* GRDBQuery */; };
		CD26CEAC2CB94E7900665A89 /* Sentry in Frameworks */ = {isa = PBXBuildFile; productRef = CD26CEAB2CB94E7900665A89 /* Sentry */; };
		CD27856F2CFB053C008A0EEF /* InlineConfig in Frameworks */ = {isa = PBXBuildFile; productRef = CD27856E2CFB053C008A0EEF /* InlineConfig */; };
		CD2785712CFB0916008A0EEF /* InlineConfig in Frameworks */ = {isa = PBXBuildFile; productRef = CD2785702CFB0916008A0EEF /* InlineConfig */; };
		CD4D56CD2D2D4393006072AE /* Throttler in Frameworks */ = {isa = PBXBuildFile; productRef = CD4D56CC2D2D4393006072AE /* Throttler */; };
		CDB123D52D3E8066001AFC1A /* Nuke in Frameworks */ = {isa = PBXBuildFile; productRef = CDB123D42D3E8066001AFC1A /* Nuke */; };
		CDB123D72D3E8066001AFC1A /* NukeUI in Frameworks */ = {isa = PBXBuildFile; productRef = CDB123D62D3E8066001AFC1A /* NukeUI */; };
		CDC72E3D2D999C6D001E8A0C /* GRDB in Frameworks */ = {isa = PBXBuildFile; productRef = CDC72E3C2D999C6D001E8A0C /* GRDB */; };
		CDE960162CB94C4F004C541C /* SwiftUIIntrospect in Frameworks */ = {isa = PBXBuildFile; productRef = CDE960152CB94C4F004C541C /* SwiftUIIntrospect */; };
		CDE9601C2CB94D1C004C541C /* KeychainSwift in Frameworks */ = {isa = PBXBuildFile; productRef = CDE9601B2CB94D1C004C541C /* KeychainSwift */; };
/* End PBXBuildFile section */

/* Begin PBXContainerItemProxy section */
		B7020C4A2DCE1534007099D9 /* PBXContainerItemProxy */ = {
			isa = PBXContainerItemProxy;
			containerPortal = CD2660FC2CA01CAE00EB186F /* Project object */;
			proxyType = 1;
			remoteGlobalIDString = B7020C412DCE1534007099D9;
			remoteInfo = share;
		};
		B7C0676D2DB7F44900EAADA4 /* PBXContainerItemProxy */ = {
			isa = PBXContainerItemProxy;
			containerPortal = CD2660FC2CA01CAE00EB186F /* Project object */;
			proxyType = 1;
			remoteGlobalIDString = B7C0674D2DB7F2BA00EAADA4;
			remoteInfo = iMessageUI;
		};
/* End PBXContainerItemProxy section */

/* Begin PBXCopyFilesBuildPhase section */
		B7020C522DCE1534007099D9 /* Embed Foundation Extensions */ = {
			isa = PBXCopyFilesBuildPhase;
			buildActionMask = 2147483647;
			dstPath = "";
			dstSubfolderSpec = 13;
			files = (
				B7020C4C2DCE1534007099D9 /* share.appex in Embed Foundation Extensions */,
			);
			name = "Embed Foundation Extensions";
			runOnlyForDeploymentPostprocessing = 0;
		};
		B7C0676F2DB7F44900EAADA4 /* Embed Frameworks */ = {
			isa = PBXCopyFilesBuildPhase;
			buildActionMask = 2147483647;
			dstPath = "";
			dstSubfolderSpec = 10;
			files = (
				B7C0676C2DB7F44900EAADA4 /* iMessageUI.framework in Embed Frameworks */,
			);
			name = "Embed Frameworks";
			runOnlyForDeploymentPostprocessing = 0;
		};
/* End PBXCopyFilesBuildPhase section */

/* Begin PBXFileReference section */
		B7020C422DCE1534007099D9 /* share.appex */ = {isa = PBXFileReference; explicitFileType = "wrapper.app-extension"; includeInIndex = 0; path = share.appex; sourceTree = BUILT_PRODUCTS_DIR; };
		B7C0674E2DB7F2BA00EAADA4 /* iMessageUI.framework */ = {isa = PBXFileReference; explicitFileType = wrapper.framework; includeInIndex = 0; path = iMessageUI.framework; sourceTree = BUILT_PRODUCTS_DIR; };
		C38A28372CA5AB8F00D3DFB8 /* InlineIOS.app */ = {isa = PBXFileReference; explicitFileType = wrapper.application; includeInIndex = 0; path = InlineIOS.app; sourceTree = BUILT_PRODUCTS_DIR; };
		C3AA8E4E2CB942BF00800A03 /* InlineKit */ = {isa = PBXFileReference; lastKnownFileType = wrapper; path = InlineKit; sourceTree = "<group>"; };
		C3CC99172CCE9A7E007F7F77 /* InlineUI */ = {isa = PBXFileReference; lastKnownFileType = wrapper; path = InlineUI; sourceTree = "<group>"; };
		CD2661652CA01E3E00EB186F /* Inline.app */ = {isa = PBXFileReference; explicitFileType = wrapper.application; includeInIndex = 0; path = Inline.app; sourceTree = BUILT_PRODUCTS_DIR; };
		CD5326842CE113CD00EC348D /* Debug.xcconfig */ = {isa = PBXFileReference; lastKnownFileType = text.xcconfig; path = Debug.xcconfig; sourceTree = "<group>"; };
		CD5326862CE1149700EC348D /* Release.xcconfig */ = {isa = PBXFileReference; lastKnownFileType = text.xcconfig; path = Release.xcconfig; sourceTree = "<group>"; };
/* End PBXFileReference section */

/* Begin PBXFileSystemSynchronizedBuildFileExceptionSet section */
		B7020C512DCE1534007099D9 /* Exceptions for "share" folder in "share" target */ = {
			isa = PBXFileSystemSynchronizedBuildFileExceptionSet;
			membershipExceptions = (
				Info.plist,
			);
			target = B7020C412DCE1534007099D9 /* share */;
		};
		B752F53D2DCE56DA00269D84 /* Exceptions for "InlineIOS" folder in "share" target */ = {
			isa = PBXFileSystemSynchronizedBuildFileExceptionSet;
			membershipExceptions = (
				Shared/Bridge.swift,
				Shared/SharedApiClient.swift,
			);
			target = B7020C412DCE1534007099D9 /* share */;
		};
		B7C067702DB7F5BC00EAADA4 /* Exceptions for "iMessageUI" folder in "iMessageUI" target */ = {
			isa = PBXFileSystemSynchronizedBuildFileExceptionSet;
			publicHeaders = (
				_UIContextMenuAccessoryViewBuilder.h,
				iMessageUI.h,
				"UICollectionView+Private.h",
			);
			target = B7C0674D2DB7F2BA00EAADA4 /* iMessageUI */;
		};
		C33CC3A22CA5C771002882B3 /* Exceptions for "InlineIOS" folder in "InlineIOS" target */ = {
			isa = PBXFileSystemSynchronizedBuildFileExceptionSet;
			membershipExceptions = (
				Info.plist,
			);
			target = C38A28362CA5AB8F00D3DFB8 /* InlineIOS */;
		};
		CD4F9CBD2CCCEB2F006AA93E /* Exceptions for "InlineMac" folder in "InlineMac" target */ = {
			isa = PBXFileSystemSynchronizedBuildFileExceptionSet;
			membershipExceptions = (
				Info.plist,
			);
			target = CD2661642CA01E3E00EB186F /* InlineMac */;
		};
/* End PBXFileSystemSynchronizedBuildFileExceptionSet section */

/* Begin PBXFileSystemSynchronizedRootGroup section */
		B7020C432DCE1534007099D9 /* share */ = {
			isa = PBXFileSystemSynchronizedRootGroup;
			exceptions = (
				B7020C512DCE1534007099D9 /* Exceptions for "share" folder in "share" target */,
			);
			path = share;
			sourceTree = "<group>";
		};
		B7C0674F2DB7F2BA00EAADA4 /* iMessageUI */ = {
			isa = PBXFileSystemSynchronizedRootGroup;
			exceptions = (
				B7C067702DB7F5BC00EAADA4 /* Exceptions for "iMessageUI" folder in "iMessageUI" target */,
			);
			path = iMessageUI;
			sourceTree = "<group>";
		};
		C38A28382CA5AB8F00D3DFB8 /* InlineIOS */ = {
			isa = PBXFileSystemSynchronizedRootGroup;
			exceptions = (
				C33CC3A22CA5C771002882B3 /* Exceptions for "InlineIOS" folder in "InlineIOS" target */,
				B752F53D2DCE56DA00269D84 /* Exceptions for "InlineIOS" folder in "share" target */,
			);
			path = InlineIOS;
			sourceTree = "<group>";
		};
		CD2661662CA01E3E00EB186F /* InlineMac */ = {
			isa = PBXFileSystemSynchronizedRootGroup;
			exceptions = (
				CD4F9CBD2CCCEB2F006AA93E /* Exceptions for "InlineMac" folder in "InlineMac" target */,
			);
			path = InlineMac;
			sourceTree = "<group>";
		};
/* End PBXFileSystemSynchronizedRootGroup section */

/* Begin PBXFrameworksBuildPhase section */
		B7020C3F2DCE1534007099D9 /* Frameworks */ = {
			isa = PBXFrameworksBuildPhase;
			buildActionMask = 2147483647;
			files = (
				B7020C582DCE157F007099D9 /* InlineProtocol in Frameworks */,
				B7020C5C2DCE1585007099D9 /* GRDB in Frameworks */,
				B7020C602DCE1593007099D9 /* NukeExtensions in Frameworks */,
				B7020C5A2DCE1585007099D9 /* InlineUI in Frameworks */,
				B7020C5E2DCE1592007099D9 /* Nuke in Frameworks */,
				B7020C562DCE157F007099D9 /* InlineKit in Frameworks */,
				B7020C542DCE157F007099D9 /* InlineConfig in Frameworks */,
				B7020C642DCE1593007099D9 /* NukeVideo in Frameworks */,
				B7020C622DCE1593007099D9 /* NukeUI in Frameworks */,
			);
			runOnlyForDeploymentPostprocessing = 0;
		};
		B7C0674B2DB7F2BA00EAADA4 /* Frameworks */ = {
			isa = PBXFrameworksBuildPhase;
			buildActionMask = 2147483647;
			files = (
			);
			runOnlyForDeploymentPostprocessing = 0;
		};
		C38A28342CA5AB8F00D3DFB8 /* Frameworks */ = {
			isa = PBXFrameworksBuildPhase;
			buildActionMask = 2147483647;
			files = (
				C3AEE6AC2D4FCDD0005D1179 /* NukeUI in Frameworks */,
				B77EE8082DC91CFD00C42B9E /* iPhoneNumberField in Frameworks */,
				C35EC9F42CC4176D0067979B /* SwiftUIIntrospect in Frameworks */,
				C3AEE6AA2D4FCDC9005D1179 /* Nuke in Frameworks */,
				CD27856F2CFB053C008A0EEF /* InlineConfig in Frameworks */,
				C35EC8222CC2A24A0067979B /* InlineKit in Frameworks */,
				C3E6D5CB2CAE82B00048D2D8 /* GRDB in Frameworks */,
				C35092D52CAEE8EA00AE3E23 /* KeychainSwift in Frameworks */,
				C35E950E2CAC497700D569AF /* GRDB in Frameworks */,
				C37F34402D5A4D4800D7D7CC /* MCEmojiPicker in Frameworks */,
				B7C0676B2DB7F44900EAADA4 /* iMessageUI.framework in Frameworks */,
				C3CC99192CCE9AF7007F7F77 /* InlineUI in Frameworks */,
				C38C905E2CB9431900B78B8A /* InlineKit in Frameworks */,
				C35092CA2CAEA7DB00AE3E23 /* Sentry in Frameworks */,
			);
			runOnlyForDeploymentPostprocessing = 0;
		};
		CD2661622CA01E3E00EB186F /* Frameworks */ = {
			isa = PBXFrameworksBuildPhase;
			buildActionMask = 2147483647;
			files = (
				CDB123D52D3E8066001AFC1A /* Nuke in Frameworks */,
				CD2785712CFB0916008A0EEF /* InlineConfig in Frameworks */,
				CD4D56CD2D2D4393006072AE /* Throttler in Frameworks */,
				CD26CEAC2CB94E7900665A89 /* Sentry in Frameworks */,
				CDC72E3D2D999C6D001E8A0C /* GRDB in Frameworks */,
				C38C90602CB9432200B78B8A /* InlineKit in Frameworks */,
				CDB123D72D3E8066001AFC1A /* NukeUI in Frameworks */,
				CD0A3CDA2CD536DF0081AD69 /* GRDBQuery in Frameworks */,
				CDE960162CB94C4F004C541C /* SwiftUIIntrospect in Frameworks */,
				CDE9601C2CB94D1C004C541C /* KeychainSwift in Frameworks */,
				C3CC991B2CCE9AFF007F7F77 /* InlineUI in Frameworks */,
			);
			runOnlyForDeploymentPostprocessing = 0;
		};
/* End PBXFrameworksBuildPhase section */

/* Begin PBXGroup section */
		C31675032CAC167D009A1FD8 /* Frameworks */ = {
			isa = PBXGroup;
			children = (
			);
			name = Frameworks;
			sourceTree = "<group>";
		};
		CD2660FB2CA01CAE00EB186F = {
			isa = PBXGroup;
			children = (
				C3CC99172CCE9A7E007F7F77 /* InlineUI */,
				C3AA8E4E2CB942BF00800A03 /* InlineKit */,
				CD2661662CA01E3E00EB186F /* InlineMac */,
				B7C0674F2DB7F2BA00EAADA4 /* iMessageUI */,
				B7020C432DCE1534007099D9 /* share */,
				C31675032CAC167D009A1FD8 /* Frameworks */,
				CD2661052CA01CAE00EB186F /* Products */,
				CD5326842CE113CD00EC348D /* Debug.xcconfig */,
				CD5326862CE1149700EC348D /* Release.xcconfig */,
				C38A28382CA5AB8F00D3DFB8 /* InlineIOS */,
			);
			sourceTree = "<group>";
		};
		CD2661052CA01CAE00EB186F /* Products */ = {
			isa = PBXGroup;
			children = (
				CD2661652CA01E3E00EB186F /* Inline.app */,
				C38A28372CA5AB8F00D3DFB8 /* InlineIOS.app */,
				B7C0674E2DB7F2BA00EAADA4 /* iMessageUI.framework */,
				B7020C422DCE1534007099D9 /* share.appex */,
			);
			name = Products;
			sourceTree = "<group>";
		};
/* End PBXGroup section */

/* Begin PBXHeadersBuildPhase section */
		B7C067492DB7F2BA00EAADA4 /* Headers */ = {
			isa = PBXHeadersBuildPhase;
			buildActionMask = 2147483647;
			files = (
			);
			runOnlyForDeploymentPostprocessing = 0;
		};
/* End PBXHeadersBuildPhase section */

/* Begin PBXNativeTarget section */
		B7020C412DCE1534007099D9 /* share */ = {
			isa = PBXNativeTarget;
			buildConfigurationList = B7020C4D2DCE1534007099D9 /* Build configuration list for PBXNativeTarget "share" */;
			buildPhases = (
				B7020C3E2DCE1534007099D9 /* Sources */,
				B7020C3F2DCE1534007099D9 /* Frameworks */,
				B7020C402DCE1534007099D9 /* Resources */,
			);
			buildRules = (
			);
			dependencies = (
			);
			fileSystemSynchronizedGroups = (
				B7020C432DCE1534007099D9 /* share */,
			);
			name = share;
			packageProductDependencies = (
				B7020C532DCE157F007099D9 /* InlineConfig */,
				B7020C552DCE157F007099D9 /* InlineKit */,
				B7020C572DCE157F007099D9 /* InlineProtocol */,
				B7020C592DCE1585007099D9 /* InlineUI */,
				B7020C5B2DCE1585007099D9 /* GRDB */,
				B7020C5D2DCE1592007099D9 /* Nuke */,
				B7020C5F2DCE1593007099D9 /* NukeExtensions */,
				B7020C612DCE1593007099D9 /* NukeUI */,
				B7020C632DCE1593007099D9 /* NukeVideo */,
			);
			productName = share;
			productReference = B7020C422DCE1534007099D9 /* share.appex */;
			productType = "com.apple.product-type.app-extension";
		};
		B7C0674D2DB7F2BA00EAADA4 /* iMessageUI */ = {
			isa = PBXNativeTarget;
			buildConfigurationList = B7C067562DB7F2BA00EAADA4 /* Build configuration list for PBXNativeTarget "iMessageUI" */;
			buildPhases = (
				B7C067492DB7F2BA00EAADA4 /* Headers */,
				B7C0674A2DB7F2BA00EAADA4 /* Sources */,
				B7C0674B2DB7F2BA00EAADA4 /* Frameworks */,
				B7C0674C2DB7F2BA00EAADA4 /* Resources */,
			);
			buildRules = (
			);
			dependencies = (
			);
			fileSystemSynchronizedGroups = (
				B7C0674F2DB7F2BA00EAADA4 /* iMessageUI */,
			);
			name = iMessageUI;
			packageProductDependencies = (
			);
			productName = iMessageUI;
			productReference = B7C0674E2DB7F2BA00EAADA4 /* iMessageUI.framework */;
			productType = "com.apple.product-type.framework";
		};
		C38A28362CA5AB8F00D3DFB8 /* InlineIOS */ = {
			isa = PBXNativeTarget;
			buildConfigurationList = C38A285E2CA5AB9200D3DFB8 /* Build configuration list for PBXNativeTarget "InlineIOS" */;
			buildPhases = (
				C38A28332CA5AB8F00D3DFB8 /* Sources */,
				C38A28342CA5AB8F00D3DFB8 /* Frameworks */,
				C38A28352CA5AB8F00D3DFB8 /* Resources */,
				B7C0676F2DB7F44900EAADA4 /* Embed Frameworks */,
				B7020C522DCE1534007099D9 /* Embed Foundation Extensions */,
			);
			buildRules = (
			);
			dependencies = (
				B7C0676E2DB7F44900EAADA4 /* PBXTargetDependency */,
				B7020C4B2DCE1534007099D9 /* PBXTargetDependency */,
			);
			fileSystemSynchronizedGroups = (
				C38A28382CA5AB8F00D3DFB8 /* InlineIOS */,
			);
			name = InlineIOS;
			packageProductDependencies = (
				C35E950D2CAC497700D569AF /* GRDB */,
				C3E6D5CA2CAE82B00048D2D8 /* GRDB */,
				C35092C92CAEA7DB00AE3E23 /* Sentry */,
				C35092D42CAEE8EA00AE3E23 /* KeychainSwift */,
				C38C905D2CB9431900B78B8A /* InlineKit */,
				C35EC8212CC2A24A0067979B /* InlineKit */,
				C35EC9F32CC4176D0067979B /* SwiftUIIntrospect */,
				C3CC99182CCE9AF7007F7F77 /* InlineUI */,
				CD27856E2CFB053C008A0EEF /* InlineConfig */,
				C3AEE6A92D4FCDC9005D1179 /* Nuke */,
				C3AEE6AB2D4FCDD0005D1179 /* NukeUI */,
				C37F343F2D5A4D4800D7D7CC /* MCEmojiPicker */,
				B77EE8072DC91CFD00C42B9E /* iPhoneNumberField */,
			);
			productName = InlineIOS;
			productReference = C38A28372CA5AB8F00D3DFB8 /* InlineIOS.app */;
			productType = "com.apple.product-type.application";
		};
		CD2661642CA01E3E00EB186F /* InlineMac */ = {
			isa = PBXNativeTarget;
			buildConfigurationList = CD2661872CA01E4000EB186F /* Build configuration list for PBXNativeTarget "InlineMac" */;
			buildPhases = (
				CD2661612CA01E3E00EB186F /* Sources */,
				CD2661622CA01E3E00EB186F /* Frameworks */,
				CD2661632CA01E3E00EB186F /* Resources */,
			);
			buildRules = (
			);
			dependencies = (
			);
			fileSystemSynchronizedGroups = (
				CD2661662CA01E3E00EB186F /* InlineMac */,
			);
			name = InlineMac;
			packageProductDependencies = (
				C38C905F2CB9432200B78B8A /* InlineKit */,
				CDE960152CB94C4F004C541C /* SwiftUIIntrospect */,
				CDE9601B2CB94D1C004C541C /* KeychainSwift */,
				CD26CEAB2CB94E7900665A89 /* Sentry */,
				C3CC991A2CCE9AFF007F7F77 /* InlineUI */,
				CD0A3CD92CD536DF0081AD69 /* GRDBQuery */,
				CD2785702CFB0916008A0EEF /* InlineConfig */,
				CD4D56CC2D2D4393006072AE /* Throttler */,
				CDB123D42D3E8066001AFC1A /* Nuke */,
				CDB123D62D3E8066001AFC1A /* NukeUI */,
				CDC72E3C2D999C6D001E8A0C /* GRDB */,
			);
			productName = InlineMac;
			productReference = CD2661652CA01E3E00EB186F /* Inline.app */;
			productType = "com.apple.product-type.application";
		};
/* End PBXNativeTarget section */

/* Begin PBXProject section */
		CD2660FC2CA01CAE00EB186F /* Project object */ = {
			isa = PBXProject;
			attributes = {
				BuildIndependentTargetsInParallel = 1;
				LastSwiftUpdateCheck = 1630;
				LastUpgradeCheck = 1600;
				TargetAttributes = {
					B7020C412DCE1534007099D9 = {
						CreatedOnToolsVersion = 16.3;
					};
					B7C0674D2DB7F2BA00EAADA4 = {
						CreatedOnToolsVersion = 16.3;
					};
					C38A28362CA5AB8F00D3DFB8 = {
						CreatedOnToolsVersion = 16.0;
					};
					CD2661642CA01E3E00EB186F = {
						CreatedOnToolsVersion = 16.0;
					};
				};
			};
			buildConfigurationList = CD2660FF2CA01CAE00EB186F /* Build configuration list for PBXProject "Inline" */;
			developmentRegion = en;
			hasScannedForEncodings = 0;
			knownRegions = (
				en,
				Base,
				"zh-Hant",
				fa,
			);
			mainGroup = CD2660FB2CA01CAE00EB186F;
			minimizedProjectReferenceProxies = 1;
			packageReferences = (
				C3E6D5C92CAE82B00048D2D8 /* XCRemoteSwiftPackageReference "GRDB" */,
				C35092C82CAEA7DA00AE3E23 /* XCRemoteSwiftPackageReference "sentry-cocoa" */,
				C35092D32CAEE8EA00AE3E23 /* XCRemoteSwiftPackageReference "keychain-swift" */,
				CDE960142CB94C4F004C541C /* XCRemoteSwiftPackageReference "swiftui-introspect" */,
				CD0A3CD82CD536DF0081AD69 /* XCRemoteSwiftPackageReference "GRDBQuery" */,
				CD4D56CB2D2D4393006072AE /* XCRemoteSwiftPackageReference "Throttler" */,
				CDB123D32D3E8066001AFC1A /* XCRemoteSwiftPackageReference "Nuke" */,
				C37F343E2D5A4D4800D7D7CC /* XCRemoteSwiftPackageReference "MCEmojiPicker" */,
				B77EE8062DC91CFD00C42B9E /* XCRemoteSwiftPackageReference "iPhoneNumberField" */,
			);
			preferredProjectObjectVersion = 77;
			productRefGroup = CD2661052CA01CAE00EB186F /* Products */;
			projectDirPath = "";
			projectRoot = "";
			targets = (
				CD2661642CA01E3E00EB186F /* InlineMac */,
				C38A28362CA5AB8F00D3DFB8 /* InlineIOS */,
				B7C0674D2DB7F2BA00EAADA4 /* iMessageUI */,
				B7020C412DCE1534007099D9 /* share */,
			);
		};
/* End PBXProject section */

/* Begin PBXResourcesBuildPhase section */
		B7020C402DCE1534007099D9 /* Resources */ = {
			isa = PBXResourcesBuildPhase;
			buildActionMask = 2147483647;
			files = (
			);
			runOnlyForDeploymentPostprocessing = 0;
		};
		B7C0674C2DB7F2BA00EAADA4 /* Resources */ = {
			isa = PBXResourcesBuildPhase;
			buildActionMask = 2147483647;
			files = (
			);
			runOnlyForDeploymentPostprocessing = 0;
		};
		C38A28352CA5AB8F00D3DFB8 /* Resources */ = {
			isa = PBXResourcesBuildPhase;
			buildActionMask = 2147483647;
			files = (
			);
			runOnlyForDeploymentPostprocessing = 0;
		};
		CD2661632CA01E3E00EB186F /* Resources */ = {
			isa = PBXResourcesBuildPhase;
			buildActionMask = 2147483647;
			files = (
			);
			runOnlyForDeploymentPostprocessing = 0;
		};
/* End PBXResourcesBuildPhase section */

/* Begin PBXSourcesBuildPhase section */
		B7020C3E2DCE1534007099D9 /* Sources */ = {
			isa = PBXSourcesBuildPhase;
			buildActionMask = 2147483647;
			files = (
			);
			runOnlyForDeploymentPostprocessing = 0;
		};
		B7C0674A2DB7F2BA00EAADA4 /* Sources */ = {
			isa = PBXSourcesBuildPhase;
			buildActionMask = 2147483647;
			files = (
			);
			runOnlyForDeploymentPostprocessing = 0;
		};
		C38A28332CA5AB8F00D3DFB8 /* Sources */ = {
			isa = PBXSourcesBuildPhase;
			buildActionMask = 2147483647;
			files = (
			);
			runOnlyForDeploymentPostprocessing = 0;
		};
		CD2661612CA01E3E00EB186F /* Sources */ = {
			isa = PBXSourcesBuildPhase;
			buildActionMask = 2147483647;
			files = (
			);
			runOnlyForDeploymentPostprocessing = 0;
		};
/* End PBXSourcesBuildPhase section */

/* Begin PBXTargetDependency section */
		B7020C4B2DCE1534007099D9 /* PBXTargetDependency */ = {
			isa = PBXTargetDependency;
			target = B7020C412DCE1534007099D9 /* share */;
			targetProxy = B7020C4A2DCE1534007099D9 /* PBXContainerItemProxy */;
		};
		B7C0676E2DB7F44900EAADA4 /* PBXTargetDependency */ = {
			isa = PBXTargetDependency;
			target = B7C0674D2DB7F2BA00EAADA4 /* iMessageUI */;
			targetProxy = B7C0676D2DB7F44900EAADA4 /* PBXContainerItemProxy */;
		};
/* End PBXTargetDependency section */

/* Begin XCBuildConfiguration section */
		B7020C4E2DCE1534007099D9 /* Debug */ = {
			isa = XCBuildConfiguration;
			buildSettings = {
				CODE_SIGN_ENTITLEMENTS = share/shareDebug.entitlements;
				CODE_SIGN_STYLE = Automatic;
				CURRENT_PROJECT_VERSION = 1;
				DEBUG_INFORMATION_FORMAT = dwarf;
				DEVELOPMENT_TEAM = 2487AN8AL4;
				GENERATE_INFOPLIST_FILE = YES;
				INFOPLIST_FILE = share/Info.plist;
				INFOPLIST_KEY_CFBundleDisplayName = share;
				INFOPLIST_KEY_NSHumanReadableCopyright = "";
				IPHONEOS_DEPLOYMENT_TARGET = 17.0;
				LD_RUNPATH_SEARCH_PATHS = (
					"$(inherited)",
					"@executable_path/Frameworks",
					"@executable_path/../../Frameworks",
				);
				MARKETING_VERSION = 0.1;
				PRODUCT_BUNDLE_IDENTIFIER = chat.inline.InlineIOS.debug.share;
				PRODUCT_NAME = "$(TARGET_NAME)";
				SDKROOT = iphoneos;
				SKIP_INSTALL = YES;
				SWIFT_EMIT_LOC_STRINGS = YES;
				SWIFT_VERSION = 5.0;
				TARGETED_DEVICE_FAMILY = "1,2";
			};
			name = Debug;
		};
		B7020C4F2DCE1534007099D9 /* Debug #2 */ = {
			isa = XCBuildConfiguration;
			buildSettings = {
				CODE_SIGN_ENTITLEMENTS = "share/shareDebug #2.entitlements";
				CODE_SIGN_STYLE = Automatic;
				CURRENT_PROJECT_VERSION = 1;
				DEBUG_INFORMATION_FORMAT = dwarf;
				DEVELOPMENT_TEAM = 2487AN8AL4;
				GENERATE_INFOPLIST_FILE = YES;
				INFOPLIST_FILE = share/Info.plist;
				INFOPLIST_KEY_CFBundleDisplayName = share;
				INFOPLIST_KEY_NSHumanReadableCopyright = "";
				IPHONEOS_DEPLOYMENT_TARGET = 17.0;
				LD_RUNPATH_SEARCH_PATHS = (
					"$(inherited)",
					"@executable_path/Frameworks",
					"@executable_path/../../Frameworks",
				);
				MARKETING_VERSION = 0.1;
				PRODUCT_BUNDLE_IDENTIFIER = chat.inline.InlineIOS.debug.share;
				PRODUCT_NAME = "$(TARGET_NAME)";
				SDKROOT = iphoneos;
				SKIP_INSTALL = YES;
				SWIFT_EMIT_LOC_STRINGS = YES;
				SWIFT_VERSION = 5.0;
				TARGETED_DEVICE_FAMILY = "1,2";
			};
			name = "Debug #2";
		};
		B7020C502DCE1534007099D9 /* Release */ = {
			isa = XCBuildConfiguration;
			buildSettings = {
				CODE_SIGN_ENTITLEMENTS = share/shareRelease.entitlements;
				CODE_SIGN_STYLE = Automatic;
				CURRENT_PROJECT_VERSION = 1;
				DEVELOPMENT_TEAM = 2487AN8AL4;
				GENERATE_INFOPLIST_FILE = YES;
				INFOPLIST_FILE = share/Info.plist;
				INFOPLIST_KEY_CFBundleDisplayName = share;
				INFOPLIST_KEY_NSHumanReadableCopyright = "";
				IPHONEOS_DEPLOYMENT_TARGET = 17.0;
				LD_RUNPATH_SEARCH_PATHS = (
					"$(inherited)",
					"@executable_path/Frameworks",
					"@executable_path/../../Frameworks",
				);
				MARKETING_VERSION = 0.1;
				PRODUCT_BUNDLE_IDENTIFIER = chat.inline.InlineIOS.share;
				PRODUCT_NAME = "$(TARGET_NAME)";
				SDKROOT = iphoneos;
				SKIP_INSTALL = YES;
				SWIFT_EMIT_LOC_STRINGS = YES;
				SWIFT_VERSION = 5.0;
				TARGETED_DEVICE_FAMILY = "1,2";
				VALIDATE_PRODUCT = YES;
			};
			name = Release;
		};
		B7C067572DB7F2BA00EAADA4 /* Debug */ = {
			isa = XCBuildConfiguration;
			buildSettings = {
				CODE_SIGN_STYLE = Automatic;
				CURRENT_PROJECT_VERSION = 1;
				DEBUG_INFORMATION_FORMAT = dwarf;
				DEFINES_MODULE = YES;
				DEVELOPMENT_TEAM = 2487AN8AL4;
				DYLIB_COMPATIBILITY_VERSION = 1;
				DYLIB_CURRENT_VERSION = 1;
				DYLIB_INSTALL_NAME_BASE = "@rpath";
				ENABLE_MODULE_VERIFIER = YES;
				GENERATE_INFOPLIST_FILE = YES;
				INFOPLIST_KEY_NSHumanReadableCopyright = "";
				INSTALL_PATH = "$(LOCAL_LIBRARY_DIR)/Frameworks";
				IPHONEOS_DEPLOYMENT_TARGET = 17.0;
				LD_RUNPATH_SEARCH_PATHS = (
					"$(inherited)",
					"@executable_path/Frameworks",
					"@loader_path/Frameworks",
				);
				MARKETING_VERSION = 1.0;
				MODULE_VERIFIER_SUPPORTED_LANGUAGES = "objective-c objective-c++";
				MODULE_VERIFIER_SUPPORTED_LANGUAGE_STANDARDS = "gnu17 gnu++20";
				PRODUCT_BUNDLE_IDENTIFIER = com.inline.iMessageUI;
				PRODUCT_NAME = "$(TARGET_NAME:c99extidentifier)";
				SDKROOT = iphoneos;
				SKIP_INSTALL = YES;
				SWIFT_EMIT_LOC_STRINGS = YES;
				TARGETED_DEVICE_FAMILY = "1,2";
				VERSIONING_SYSTEM = "apple-generic";
				VERSION_INFO_PREFIX = "";
			};
			name = Debug;
		};
		B7C067582DB7F2BA00EAADA4 /* Debug #2 */ = {
			isa = XCBuildConfiguration;
			buildSettings = {
				CODE_SIGN_STYLE = Automatic;
				CURRENT_PROJECT_VERSION = 1;
				DEBUG_INFORMATION_FORMAT = dwarf;
				DEFINES_MODULE = YES;
				DEVELOPMENT_TEAM = 2487AN8AL4;
				DYLIB_COMPATIBILITY_VERSION = 1;
				DYLIB_CURRENT_VERSION = 1;
				DYLIB_INSTALL_NAME_BASE = "@rpath";
				ENABLE_MODULE_VERIFIER = YES;
				GENERATE_INFOPLIST_FILE = YES;
				INFOPLIST_KEY_NSHumanReadableCopyright = "";
				INSTALL_PATH = "$(LOCAL_LIBRARY_DIR)/Frameworks";
				IPHONEOS_DEPLOYMENT_TARGET = 17.0;
				LD_RUNPATH_SEARCH_PATHS = (
					"$(inherited)",
					"@executable_path/Frameworks",
					"@loader_path/Frameworks",
				);
				MARKETING_VERSION = 1.0;
				MODULE_VERIFIER_SUPPORTED_LANGUAGES = "objective-c objective-c++";
				MODULE_VERIFIER_SUPPORTED_LANGUAGE_STANDARDS = "gnu17 gnu++20";
				PRODUCT_BUNDLE_IDENTIFIER = com.inline.iMessageUI;
				PRODUCT_NAME = "$(TARGET_NAME:c99extidentifier)";
				SDKROOT = iphoneos;
				SKIP_INSTALL = YES;
				SWIFT_EMIT_LOC_STRINGS = YES;
				TARGETED_DEVICE_FAMILY = "1,2";
				VERSIONING_SYSTEM = "apple-generic";
				VERSION_INFO_PREFIX = "";
			};
			name = "Debug #2";
		};
		B7C067592DB7F2BA00EAADA4 /* Release */ = {
			isa = XCBuildConfiguration;
			buildSettings = {
				CODE_SIGN_STYLE = Automatic;
				CURRENT_PROJECT_VERSION = 1;
				DEFINES_MODULE = YES;
				DEVELOPMENT_TEAM = 2487AN8AL4;
				DYLIB_COMPATIBILITY_VERSION = 1;
				DYLIB_CURRENT_VERSION = 1;
				DYLIB_INSTALL_NAME_BASE = "@rpath";
				ENABLE_MODULE_VERIFIER = YES;
				GENERATE_INFOPLIST_FILE = YES;
				INFOPLIST_KEY_NSHumanReadableCopyright = "";
				INSTALL_PATH = "$(LOCAL_LIBRARY_DIR)/Frameworks";
				IPHONEOS_DEPLOYMENT_TARGET = 17.0;
				LD_RUNPATH_SEARCH_PATHS = (
					"$(inherited)",
					"@executable_path/Frameworks",
					"@loader_path/Frameworks",
				);
				MARKETING_VERSION = 1.0;
				MODULE_VERIFIER_SUPPORTED_LANGUAGES = "objective-c objective-c++";
				MODULE_VERIFIER_SUPPORTED_LANGUAGE_STANDARDS = "gnu17 gnu++20";
				PRODUCT_BUNDLE_IDENTIFIER = com.inline.iMessageUI;
				PRODUCT_NAME = "$(TARGET_NAME:c99extidentifier)";
				SDKROOT = iphoneos;
				SKIP_INSTALL = YES;
				SWIFT_EMIT_LOC_STRINGS = YES;
				TARGETED_DEVICE_FAMILY = "1,2";
				VALIDATE_PRODUCT = YES;
				VERSIONING_SYSTEM = "apple-generic";
				VERSION_INFO_PREFIX = "";
			};
			name = Release;
		};
		C38A28582CA5AB9200D3DFB8 /* Debug */ = {
			isa = XCBuildConfiguration;
			baseConfigurationReference = CD5326842CE113CD00EC348D /* Debug.xcconfig */;
			buildSettings = {
				ASSETCATALOG_COMPILER_APPICON_NAME = AppIcon;
				ASSETCATALOG_COMPILER_GLOBAL_ACCENT_COLOR_NAME = AccentColor;
				CODE_SIGN_ENTITLEMENTS = InlineIOS/InlineIOS.entitlements;
				CODE_SIGN_STYLE = Automatic;
				CURRENT_PROJECT_VERSION = 713;
				DEVELOPMENT_ASSET_PATHS = "";
				DEVELOPMENT_TEAM = 2487AN8AL4;
				ENABLE_PREVIEWS = YES;
				GENERATE_INFOPLIST_FILE = YES;
				INFOPLIST_FILE = InlineIOS/Info.plist;
				INFOPLIST_KEY_CFBundleDisplayName = Inline;
				INFOPLIST_KEY_ITSAppUsesNonExemptEncryption = NO;
				INFOPLIST_KEY_LSApplicationCategoryType = "public.app-category.business";
				INFOPLIST_KEY_NSCameraUsageDescription = "Inline needs access to your camera to take photos";
				INFOPLIST_KEY_NSPhotoLibraryAddUsageDescription = "Inline needs access to your photo library to save photos";
				INFOPLIST_KEY_UIApplicationSceneManifest_Generation = YES;
				INFOPLIST_KEY_UIApplicationSupportsIndirectInputEvents = YES;
				INFOPLIST_KEY_UILaunchScreen_Generation = YES;
				INFOPLIST_KEY_UISupportedInterfaceOrientations = "UIInterfaceOrientationLandscapeLeft UIInterfaceOrientationLandscapeRight UIInterfaceOrientationPortrait UIInterfaceOrientationPortraitUpsideDown";
				IPHONEOS_DEPLOYMENT_TARGET = 17.0;
				LD_RUNPATH_SEARCH_PATHS = (
					"$(inherited)",
					"@executable_path/Frameworks",
				);
				MARKETING_VERSION = 0.1;
				PRODUCT_BUNDLE_IDENTIFIER = chat.inline.InlineIOS.debug;
				PRODUCT_NAME = "$(TARGET_NAME)";
				SDKROOT = iphoneos;
				SUPPORTED_PLATFORMS = "iphoneos iphonesimulator";
				SUPPORTS_MACCATALYST = NO;
				SUPPORTS_MAC_DESIGNED_FOR_IPHONE_IPAD = NO;
				SWIFT_EMIT_LOC_STRINGS = YES;
				SWIFT_VERSION = 5.0;
				TARGETED_DEVICE_FAMILY = "1,2";
			};
			name = Debug;
		};
		C38A28592CA5AB9200D3DFB8 /* Release */ = {
			isa = XCBuildConfiguration;
			baseConfigurationReference = CD5326862CE1149700EC348D /* Release.xcconfig */;
			buildSettings = {
				ASSETCATALOG_COMPILER_APPICON_NAME = AppIcon;
				ASSETCATALOG_COMPILER_GLOBAL_ACCENT_COLOR_NAME = AccentColor;
				CODE_SIGN_ENTITLEMENTS = InlineIOS/InlineIOS.entitlements;
				CODE_SIGN_STYLE = Automatic;
				CURRENT_PROJECT_VERSION = 713;
				DEVELOPMENT_ASSET_PATHS = "";
				DEVELOPMENT_TEAM = 2487AN8AL4;
				ENABLE_PREVIEWS = YES;
				GENERATE_INFOPLIST_FILE = YES;
				INFOPLIST_FILE = InlineIOS/Info.plist;
				INFOPLIST_KEY_CFBundleDisplayName = Inline;
				INFOPLIST_KEY_ITSAppUsesNonExemptEncryption = NO;
				INFOPLIST_KEY_LSApplicationCategoryType = "public.app-category.business";
				INFOPLIST_KEY_NSCameraUsageDescription = "Inline needs access to your camera to take photos";
				INFOPLIST_KEY_NSPhotoLibraryAddUsageDescription = "Inline needs access to your photo library to save photos";
				INFOPLIST_KEY_UIApplicationSceneManifest_Generation = YES;
				INFOPLIST_KEY_UIApplicationSupportsIndirectInputEvents = YES;
				INFOPLIST_KEY_UILaunchScreen_Generation = YES;
				INFOPLIST_KEY_UISupportedInterfaceOrientations = "UIInterfaceOrientationLandscapeLeft UIInterfaceOrientationLandscapeRight UIInterfaceOrientationPortrait UIInterfaceOrientationPortraitUpsideDown";
				IPHONEOS_DEPLOYMENT_TARGET = 17.0;
				LD_RUNPATH_SEARCH_PATHS = (
					"$(inherited)",
					"@executable_path/Frameworks",
				);
				MARKETING_VERSION = 0.1;
				PRODUCT_BUNDLE_IDENTIFIER = chat.inline.InlineIOS;
				PRODUCT_NAME = "$(TARGET_NAME)";
				SDKROOT = iphoneos;
				SUPPORTED_PLATFORMS = "iphoneos iphonesimulator";
				SUPPORTS_MACCATALYST = NO;
				SUPPORTS_MAC_DESIGNED_FOR_IPHONE_IPAD = NO;
				SWIFT_EMIT_LOC_STRINGS = YES;
				SWIFT_VERSION = 5.0;
				TARGETED_DEVICE_FAMILY = "1,2";
				VALIDATE_PRODUCT = YES;
			};
			name = Release;
		};
		CD2661272CA01CB100EB186F /* Debug */ = {
			isa = XCBuildConfiguration;
			buildSettings = {
				ALWAYS_SEARCH_USER_PATHS = NO;
				ASSETCATALOG_COMPILER_GENERATE_SWIFT_ASSET_SYMBOL_EXTENSIONS = YES;
				CLANG_ANALYZER_NONNULL = YES;
				CLANG_ANALYZER_NUMBER_OBJECT_CONVERSION = YES_AGGRESSIVE;
				CLANG_CXX_LANGUAGE_STANDARD = "gnu++20";
				CLANG_ENABLE_MODULES = YES;
				CLANG_ENABLE_OBJC_ARC = YES;
				CLANG_ENABLE_OBJC_WEAK = YES;
				CLANG_WARN_BLOCK_CAPTURE_AUTORELEASING = YES;
				CLANG_WARN_BOOL_CONVERSION = YES;
				CLANG_WARN_COMMA = YES;
				CLANG_WARN_CONSTANT_CONVERSION = YES;
				CLANG_WARN_DEPRECATED_OBJC_IMPLEMENTATIONS = YES;
				CLANG_WARN_DIRECT_OBJC_ISA_USAGE = YES_ERROR;
				CLANG_WARN_DOCUMENTATION_COMMENTS = YES;
				CLANG_WARN_EMPTY_BODY = YES;
				CLANG_WARN_ENUM_CONVERSION = YES;
				CLANG_WARN_INFINITE_RECURSION = YES;
				CLANG_WARN_INT_CONVERSION = YES;
				CLANG_WARN_NON_LITERAL_NULL_CONVERSION = YES;
				CLANG_WARN_OBJC_IMPLICIT_RETAIN_SELF = YES;
				CLANG_WARN_OBJC_LITERAL_CONVERSION = YES;
				CLANG_WARN_OBJC_ROOT_CLASS = YES_ERROR;
				CLANG_WARN_QUOTED_INCLUDE_IN_FRAMEWORK_HEADER = YES;
				CLANG_WARN_RANGE_LOOP_ANALYSIS = YES;
				CLANG_WARN_STRICT_PROTOTYPES = YES;
				CLANG_WARN_SUSPICIOUS_MOVE = YES;
				CLANG_WARN_UNGUARDED_AVAILABILITY = YES_AGGRESSIVE;
				CLANG_WARN_UNREACHABLE_CODE = YES;
				CLANG_WARN__DUPLICATE_METHOD_MATCH = YES;
				COPY_PHASE_STRIP = NO;
				DEBUG_INFORMATION_FORMAT = "dwarf-with-dsym";
				ENABLE_STRICT_OBJC_MSGSEND = YES;
				ENABLE_TESTABILITY = YES;
				ENABLE_USER_SCRIPT_SANDBOXING = YES;
				GCC_C_LANGUAGE_STANDARD = gnu17;
				GCC_DYNAMIC_NO_PIC = NO;
				GCC_NO_COMMON_BLOCKS = YES;
				GCC_OPTIMIZATION_LEVEL = 0;
				GCC_PREPROCESSOR_DEFINITIONS = (
					"DEBUG=1",
					"$(inherited)",
				);
				GCC_WARN_64_TO_32_BIT_CONVERSION = YES;
				GCC_WARN_ABOUT_RETURN_TYPE = YES_ERROR;
				GCC_WARN_UNDECLARED_SELECTOR = YES;
				GCC_WARN_UNINITIALIZED_AUTOS = YES_AGGRESSIVE;
				GCC_WARN_UNUSED_FUNCTION = YES;
				GCC_WARN_UNUSED_VARIABLE = YES;
				LOCALIZATION_PREFERS_STRING_CATALOGS = YES;
				MTL_ENABLE_DEBUG_INFO = INCLUDE_SOURCE;
				MTL_FAST_MATH = YES;
				ONLY_ACTIVE_ARCH = YES;
				SWIFT_ACTIVE_COMPILATION_CONDITIONS = "DEBUG $(inherited)";
				SWIFT_EMIT_LOC_STRINGS = YES;
				SWIFT_OPTIMIZATION_LEVEL = "-Onone";
			};
			name = Debug;
		};
		CD2661282CA01CB100EB186F /* Release */ = {
			isa = XCBuildConfiguration;
			buildSettings = {
				ALWAYS_SEARCH_USER_PATHS = NO;
				ASSETCATALOG_COMPILER_GENERATE_SWIFT_ASSET_SYMBOL_EXTENSIONS = YES;
				CLANG_ANALYZER_NONNULL = YES;
				CLANG_ANALYZER_NUMBER_OBJECT_CONVERSION = YES_AGGRESSIVE;
				CLANG_CXX_LANGUAGE_STANDARD = "gnu++20";
				CLANG_ENABLE_MODULES = YES;
				CLANG_ENABLE_OBJC_ARC = YES;
				CLANG_ENABLE_OBJC_WEAK = YES;
				CLANG_WARN_BLOCK_CAPTURE_AUTORELEASING = YES;
				CLANG_WARN_BOOL_CONVERSION = YES;
				CLANG_WARN_COMMA = YES;
				CLANG_WARN_CONSTANT_CONVERSION = YES;
				CLANG_WARN_DEPRECATED_OBJC_IMPLEMENTATIONS = YES;
				CLANG_WARN_DIRECT_OBJC_ISA_USAGE = YES_ERROR;
				CLANG_WARN_DOCUMENTATION_COMMENTS = YES;
				CLANG_WARN_EMPTY_BODY = YES;
				CLANG_WARN_ENUM_CONVERSION = YES;
				CLANG_WARN_INFINITE_RECURSION = YES;
				CLANG_WARN_INT_CONVERSION = YES;
				CLANG_WARN_NON_LITERAL_NULL_CONVERSION = YES;
				CLANG_WARN_OBJC_IMPLICIT_RETAIN_SELF = YES;
				CLANG_WARN_OBJC_LITERAL_CONVERSION = YES;
				CLANG_WARN_OBJC_ROOT_CLASS = YES_ERROR;
				CLANG_WARN_QUOTED_INCLUDE_IN_FRAMEWORK_HEADER = YES;
				CLANG_WARN_RANGE_LOOP_ANALYSIS = YES;
				CLANG_WARN_STRICT_PROTOTYPES = YES;
				CLANG_WARN_SUSPICIOUS_MOVE = YES;
				CLANG_WARN_UNGUARDED_AVAILABILITY = YES_AGGRESSIVE;
				CLANG_WARN_UNREACHABLE_CODE = YES;
				CLANG_WARN__DUPLICATE_METHOD_MATCH = YES;
				COPY_PHASE_STRIP = NO;
				DEBUG_INFORMATION_FORMAT = "dwarf-with-dsym";
				ENABLE_NS_ASSERTIONS = NO;
				ENABLE_STRICT_OBJC_MSGSEND = YES;
				ENABLE_USER_SCRIPT_SANDBOXING = YES;
				GCC_C_LANGUAGE_STANDARD = gnu17;
				GCC_NO_COMMON_BLOCKS = YES;
				GCC_WARN_64_TO_32_BIT_CONVERSION = YES;
				GCC_WARN_ABOUT_RETURN_TYPE = YES_ERROR;
				GCC_WARN_UNDECLARED_SELECTOR = YES;
				GCC_WARN_UNINITIALIZED_AUTOS = YES_AGGRESSIVE;
				GCC_WARN_UNUSED_FUNCTION = YES;
				GCC_WARN_UNUSED_VARIABLE = YES;
				LOCALIZATION_PREFERS_STRING_CATALOGS = YES;
				MTL_ENABLE_DEBUG_INFO = NO;
				MTL_FAST_MATH = YES;
				SWIFT_COMPILATION_MODE = wholemodule;
				SWIFT_EMIT_LOC_STRINGS = YES;
			};
			name = Release;
		};
		CD2661882CA01E4000EB186F /* Debug */ = {
			isa = XCBuildConfiguration;
			baseConfigurationReference = CD5326842CE113CD00EC348D /* Debug.xcconfig */;
			buildSettings = {
				ASSETCATALOG_COMPILER_APPICON_NAME = AppIcon;
				ASSETCATALOG_COMPILER_GLOBAL_ACCENT_COLOR_NAME = AccentColor;
				ASSETCATALOG_COMPILER_INCLUDE_ALL_APPICON_ASSETS = NO;
				CODE_SIGN_ENTITLEMENTS = InlineMac/InlineMac.entitlements;
				CODE_SIGN_STYLE = Automatic;
				COMBINE_HIDPI_IMAGES = YES;
				CURRENT_PROJECT_VERSION = 1;
				DEVELOPMENT_ASSET_PATHS = "\"InlineMac/Preview Content\"";
				DEVELOPMENT_TEAM = 2487AN8AL4;
				ENABLE_HARDENED_RUNTIME = YES;
				ENABLE_PREVIEWS = YES;
				GENERATE_INFOPLIST_FILE = YES;
				INFOPLIST_FILE = InlineMac/Info.plist;
				INFOPLIST_KEY_CFBundleDisplayName = Inline;
				INFOPLIST_KEY_LSApplicationCategoryType = "public.app-category.business";
				INFOPLIST_KEY_NSCameraUsageDescription = "Inline uses camera when you choose to capture and send in a chat.";
				INFOPLIST_KEY_NSContactsUsageDescription = "Inline needs acccess to your contacts to let you invite or find your friends";
				INFOPLIST_KEY_NSHumanReadableCopyright = "";
				LD_RUNPATH_SEARCH_PATHS = (
					"$(inherited)",
					"@executable_path/../Frameworks",
				);
				MACOSX_DEPLOYMENT_TARGET = 13.5;
				MARKETING_VERSION = 0.1;
				PRODUCT_BUNDLE_IDENTIFIER = chat.inline.InlineMac.debug;
				PRODUCT_NAME = Inline;
				SDKROOT = macosx;
				SWIFT_EMIT_LOC_STRINGS = YES;
				SWIFT_VERSION = 5.0;
			};
			name = Debug;
		};
		CD2661892CA01E4000EB186F /* Release */ = {
			isa = XCBuildConfiguration;
			baseConfigurationReference = CD5326862CE1149700EC348D /* Release.xcconfig */;
			buildSettings = {
				ASSETCATALOG_COMPILER_APPICON_NAME = AppIcon;
				ASSETCATALOG_COMPILER_GLOBAL_ACCENT_COLOR_NAME = AccentColor;
				ASSETCATALOG_COMPILER_INCLUDE_ALL_APPICON_ASSETS = NO;
				CODE_SIGN_ENTITLEMENTS = InlineMac/InlineMac.entitlements;
				CODE_SIGN_STYLE = Automatic;
				COMBINE_HIDPI_IMAGES = YES;
				CURRENT_PROJECT_VERSION = 1;
				DEVELOPMENT_ASSET_PATHS = "\"InlineMac/Preview Content\"";
				DEVELOPMENT_TEAM = 2487AN8AL4;
				ENABLE_HARDENED_RUNTIME = YES;
				ENABLE_PREVIEWS = YES;
				GENERATE_INFOPLIST_FILE = YES;
				INFOPLIST_FILE = InlineMac/Info.plist;
				INFOPLIST_KEY_CFBundleDisplayName = Inline;
				INFOPLIST_KEY_LSApplicationCategoryType = "public.app-category.business";
				INFOPLIST_KEY_NSCameraUsageDescription = "Inline uses camera when you choose to capture and send in a chat.";
				INFOPLIST_KEY_NSContactsUsageDescription = "Inline needs acccess to your contacts to let you invite or find your friends";
				INFOPLIST_KEY_NSHumanReadableCopyright = "";
				LD_RUNPATH_SEARCH_PATHS = (
					"$(inherited)",
					"@executable_path/../Frameworks",
				);
				MACOSX_DEPLOYMENT_TARGET = 13.5;
				MARKETING_VERSION = 0.1;
				PRODUCT_BUNDLE_IDENTIFIER = chat.inline.InlineMac;
				PRODUCT_NAME = Inline;
				SDKROOT = macosx;
				SWIFT_EMIT_LOC_STRINGS = YES;
				SWIFT_VERSION = 5.0;
			};
			name = Release;
		};
		CDE960F92CE9052F00007797 /* Debug #2 */ = {
			isa = XCBuildConfiguration;
			buildSettings = {
				ALWAYS_SEARCH_USER_PATHS = NO;
				ASSETCATALOG_COMPILER_GENERATE_SWIFT_ASSET_SYMBOL_EXTENSIONS = YES;
				CLANG_ANALYZER_NONNULL = YES;
				CLANG_ANALYZER_NUMBER_OBJECT_CONVERSION = YES_AGGRESSIVE;
				CLANG_CXX_LANGUAGE_STANDARD = "gnu++20";
				CLANG_ENABLE_MODULES = YES;
				CLANG_ENABLE_OBJC_ARC = YES;
				CLANG_ENABLE_OBJC_WEAK = YES;
				CLANG_WARN_BLOCK_CAPTURE_AUTORELEASING = YES;
				CLANG_WARN_BOOL_CONVERSION = YES;
				CLANG_WARN_COMMA = YES;
				CLANG_WARN_CONSTANT_CONVERSION = YES;
				CLANG_WARN_DEPRECATED_OBJC_IMPLEMENTATIONS = YES;
				CLANG_WARN_DIRECT_OBJC_ISA_USAGE = YES_ERROR;
				CLANG_WARN_DOCUMENTATION_COMMENTS = YES;
				CLANG_WARN_EMPTY_BODY = YES;
				CLANG_WARN_ENUM_CONVERSION = YES;
				CLANG_WARN_INFINITE_RECURSION = YES;
				CLANG_WARN_INT_CONVERSION = YES;
				CLANG_WARN_NON_LITERAL_NULL_CONVERSION = YES;
				CLANG_WARN_OBJC_IMPLICIT_RETAIN_SELF = YES;
				CLANG_WARN_OBJC_LITERAL_CONVERSION = YES;
				CLANG_WARN_OBJC_ROOT_CLASS = YES_ERROR;
				CLANG_WARN_QUOTED_INCLUDE_IN_FRAMEWORK_HEADER = YES;
				CLANG_WARN_RANGE_LOOP_ANALYSIS = YES;
				CLANG_WARN_STRICT_PROTOTYPES = YES;
				CLANG_WARN_SUSPICIOUS_MOVE = YES;
				CLANG_WARN_UNGUARDED_AVAILABILITY = YES_AGGRESSIVE;
				CLANG_WARN_UNREACHABLE_CODE = YES;
				CLANG_WARN__DUPLICATE_METHOD_MATCH = YES;
				COPY_PHASE_STRIP = NO;
				DEBUG_INFORMATION_FORMAT = "dwarf-with-dsym";
				ENABLE_STRICT_OBJC_MSGSEND = YES;
				ENABLE_TESTABILITY = YES;
				ENABLE_USER_SCRIPT_SANDBOXING = YES;
				GCC_C_LANGUAGE_STANDARD = gnu17;
				GCC_DYNAMIC_NO_PIC = NO;
				GCC_NO_COMMON_BLOCKS = YES;
				GCC_OPTIMIZATION_LEVEL = 0;
				GCC_PREPROCESSOR_DEFINITIONS = (
					"DEBUG=1",
					"$(inherited)",
				);
				GCC_WARN_64_TO_32_BIT_CONVERSION = YES;
				GCC_WARN_ABOUT_RETURN_TYPE = YES_ERROR;
				GCC_WARN_UNDECLARED_SELECTOR = YES;
				GCC_WARN_UNINITIALIZED_AUTOS = YES_AGGRESSIVE;
				GCC_WARN_UNUSED_FUNCTION = YES;
				GCC_WARN_UNUSED_VARIABLE = YES;
				LOCALIZATION_PREFERS_STRING_CATALOGS = YES;
				MTL_ENABLE_DEBUG_INFO = INCLUDE_SOURCE;
				MTL_FAST_MATH = YES;
				ONLY_ACTIVE_ARCH = YES;
				SWIFT_ACTIVE_COMPILATION_CONDITIONS = "DEBUG $(inherited)";
				SWIFT_EMIT_LOC_STRINGS = YES;
				SWIFT_OPTIMIZATION_LEVEL = "-Onone";
			};
			name = "Debug #2";
		};
		CDE960FA2CE9052F00007797 /* Debug #2 */ = {
			isa = XCBuildConfiguration;
			baseConfigurationReference = CD5326842CE113CD00EC348D /* Debug.xcconfig */;
			buildSettings = {
				ASSETCATALOG_COMPILER_APPICON_NAME = AppIcon;
				ASSETCATALOG_COMPILER_GLOBAL_ACCENT_COLOR_NAME = AccentColor;
				ASSETCATALOG_COMPILER_INCLUDE_ALL_APPICON_ASSETS = NO;
				CODE_SIGN_ENTITLEMENTS = InlineMac/InlineMac.entitlements;
				"CODE_SIGN_IDENTITY[sdk=macosx*]" = "Apple Development";
				CODE_SIGN_STYLE = Automatic;
				COMBINE_HIDPI_IMAGES = YES;
				CURRENT_PROJECT_VERSION = 1;
				DEVELOPMENT_ASSET_PATHS = "\"InlineMac/Preview Content\"";
				DEVELOPMENT_TEAM = 2487AN8AL4;
				ENABLE_HARDENED_RUNTIME = YES;
				ENABLE_PREVIEWS = YES;
				GENERATE_INFOPLIST_FILE = YES;
				INFOPLIST_FILE = InlineMac/Info.plist;
				INFOPLIST_KEY_CFBundleDisplayName = Inline;
				INFOPLIST_KEY_LSApplicationCategoryType = "public.app-category.business";
				INFOPLIST_KEY_NSCameraUsageDescription = "Inline uses camera when you choose to capture and send in a chat.";
				INFOPLIST_KEY_NSContactsUsageDescription = "Inline needs acccess to your contacts to let you invite or find your friends";
				INFOPLIST_KEY_NSHumanReadableCopyright = "";
				LD_RUNPATH_SEARCH_PATHS = (
					"$(inherited)",
					"@executable_path/../Frameworks",
				);
				MACOSX_DEPLOYMENT_TARGET = 13.5;
				MARKETING_VERSION = 0.1;
				PRODUCT_BUNDLE_IDENTIFIER = chat.inline.InlineMac.debug2;
				PRODUCT_NAME = Inline;
				SDKROOT = macosx;
				SWIFT_EMIT_LOC_STRINGS = YES;
				SWIFT_VERSION = 5.0;
			};
			name = "Debug #2";
		};
		CDE960FD2CE9052F00007797 /* Debug #2 */ = {
			isa = XCBuildConfiguration;
			baseConfigurationReference = CD5326842CE113CD00EC348D /* Debug.xcconfig */;
			buildSettings = {
				ASSETCATALOG_COMPILER_APPICON_NAME = AppIcon;
				ASSETCATALOG_COMPILER_GLOBAL_ACCENT_COLOR_NAME = AccentColor;
				CODE_SIGN_ENTITLEMENTS = InlineIOS/InlineIOS.entitlements;
				CODE_SIGN_STYLE = Automatic;
				CURRENT_PROJECT_VERSION = 713;
				DEVELOPMENT_ASSET_PATHS = "";
				DEVELOPMENT_TEAM = 2487AN8AL4;
				ENABLE_PREVIEWS = YES;
				GENERATE_INFOPLIST_FILE = YES;
				INFOPLIST_FILE = InlineIOS/Info.plist;
				INFOPLIST_KEY_CFBundleDisplayName = Inline;
				INFOPLIST_KEY_ITSAppUsesNonExemptEncryption = NO;
				INFOPLIST_KEY_LSApplicationCategoryType = "public.app-category.business";
				INFOPLIST_KEY_NSCameraUsageDescription = "Inline needs access to your camera to take photos";
				INFOPLIST_KEY_NSPhotoLibraryAddUsageDescription = "Inline needs access to your photo library to save photos";
				INFOPLIST_KEY_UIApplicationSceneManifest_Generation = YES;
				INFOPLIST_KEY_UIApplicationSupportsIndirectInputEvents = YES;
				INFOPLIST_KEY_UILaunchScreen_Generation = YES;
				INFOPLIST_KEY_UISupportedInterfaceOrientations = "UIInterfaceOrientationLandscapeLeft UIInterfaceOrientationLandscapeRight UIInterfaceOrientationPortrait UIInterfaceOrientationPortraitUpsideDown";
				IPHONEOS_DEPLOYMENT_TARGET = 17.0;
				LD_RUNPATH_SEARCH_PATHS = (
					"$(inherited)",
					"@executable_path/Frameworks",
				);
				MARKETING_VERSION = 0.1;
				PRODUCT_BUNDLE_IDENTIFIER = chat.inline.InlineIOS.debug;
				PRODUCT_NAME = "$(TARGET_NAME)";
				SDKROOT = iphoneos;
				SUPPORTED_PLATFORMS = "iphoneos iphonesimulator";
				SUPPORTS_MACCATALYST = NO;
				SUPPORTS_MAC_DESIGNED_FOR_IPHONE_IPAD = NO;
				SWIFT_EMIT_LOC_STRINGS = YES;
				SWIFT_VERSION = 5.0;
				TARGETED_DEVICE_FAMILY = "1,2";
			};
			name = "Debug #2";
		};
/* End XCBuildConfiguration section */

/* Begin XCConfigurationList section */
		B7020C4D2DCE1534007099D9 /* Build configuration list for PBXNativeTarget "share" */ = {
			isa = XCConfigurationList;
			buildConfigurations = (
				B7020C4E2DCE1534007099D9 /* Debug */,
				B7020C4F2DCE1534007099D9 /* Debug #2 */,
				B7020C502DCE1534007099D9 /* Release */,
			);
			defaultConfigurationIsVisible = 0;
			defaultConfigurationName = Release;
		};
		B7C067562DB7F2BA00EAADA4 /* Build configuration list for PBXNativeTarget "iMessageUI" */ = {
			isa = XCConfigurationList;
			buildConfigurations = (
				B7C067572DB7F2BA00EAADA4 /* Debug */,
				B7C067582DB7F2BA00EAADA4 /* Debug #2 */,
				B7C067592DB7F2BA00EAADA4 /* Release */,
			);
			defaultConfigurationIsVisible = 0;
			defaultConfigurationName = Release;
		};
		C38A285E2CA5AB9200D3DFB8 /* Build configuration list for PBXNativeTarget "InlineIOS" */ = {
			isa = XCConfigurationList;
			buildConfigurations = (
				C38A28582CA5AB9200D3DFB8 /* Debug */,
				CDE960FD2CE9052F00007797 /* Debug #2 */,
				C38A28592CA5AB9200D3DFB8 /* Release */,
			);
			defaultConfigurationIsVisible = 0;
			defaultConfigurationName = Release;
		};
		CD2660FF2CA01CAE00EB186F /* Build configuration list for PBXProject "Inline" */ = {
			isa = XCConfigurationList;
			buildConfigurations = (
				CD2661272CA01CB100EB186F /* Debug */,
				CDE960F92CE9052F00007797 /* Debug #2 */,
				CD2661282CA01CB100EB186F /* Release */,
			);
			defaultConfigurationIsVisible = 0;
			defaultConfigurationName = Release;
		};
		CD2661872CA01E4000EB186F /* Build configuration list for PBXNativeTarget "InlineMac" */ = {
			isa = XCConfigurationList;
			buildConfigurations = (
				CD2661882CA01E4000EB186F /* Debug */,
				CDE960FA2CE9052F00007797 /* Debug #2 */,
				CD2661892CA01E4000EB186F /* Release */,
			);
			defaultConfigurationIsVisible = 0;
			defaultConfigurationName = Release;
		};
/* End XCConfigurationList section */

/* Begin XCRemoteSwiftPackageReference section */
		B77EE8062DC91CFD00C42B9E /* XCRemoteSwiftPackageReference "iPhoneNumberField" */ = {
			isa = XCRemoteSwiftPackageReference;
			repositoryURL = "https://github.com/MojtabaHs/iPhoneNumberField.git";
			requirement = {
				kind = upToNextMajorVersion;
				minimumVersion = 0.10.4;
			};
		};
		C35092C82CAEA7DA00AE3E23 /* XCRemoteSwiftPackageReference "sentry-cocoa" */ = {
			isa = XCRemoteSwiftPackageReference;
			repositoryURL = "https://github.com/getsentry/sentry-cocoa";
			requirement = {
				kind = upToNextMajorVersion;
				minimumVersion = 8.41.0;
			};
		};
		C35092D32CAEE8EA00AE3E23 /* XCRemoteSwiftPackageReference "keychain-swift" */ = {
			isa = XCRemoteSwiftPackageReference;
			repositoryURL = "https://github.com/evgenyneu/keychain-swift";
			requirement = {
				kind = upToNextMajorVersion;
				minimumVersion = 24.0.0;
			};
		};
		C37F343E2D5A4D4800D7D7CC /* XCRemoteSwiftPackageReference "MCEmojiPicker" */ = {
			isa = XCRemoteSwiftPackageReference;
			repositoryURL = "https://github.com/izyumkin/MCEmojiPicker";
			requirement = {
				kind = upToNextMajorVersion;
				minimumVersion = 1.2.3;
			};
		};
		C3E6D5C92CAE82B00048D2D8 /* XCRemoteSwiftPackageReference "GRDB" */ = {
			isa = XCRemoteSwiftPackageReference;
			repositoryURL = "https://github.com/inline-chat/GRDB.swift";
			requirement = {
				kind = upToNextMajorVersion;
				minimumVersion = 3.1.1;
			};
		};
		CD0A3CD82CD536DF0081AD69 /* XCRemoteSwiftPackageReference "GRDBQuery" */ = {
			isa = XCRemoteSwiftPackageReference;
			repositoryURL = "https://github.com/inline-chat/GRDBQuery";
			requirement = {
				kind = upToNextMajorVersion;
				minimumVersion = 0.11.3;
			};
		};
		CD4D56CB2D2D4393006072AE /* XCRemoteSwiftPackageReference "Throttler" */ = {
			isa = XCRemoteSwiftPackageReference;
			repositoryURL = "https://github.com/boraseoksoon/Throttler.git";
			requirement = {
				kind = upToNextMajorVersion;
				minimumVersion = 2.1.3;
			};
		};
		CDB123D32D3E8066001AFC1A /* XCRemoteSwiftPackageReference "Nuke" */ = {
			isa = XCRemoteSwiftPackageReference;
			repositoryURL = "https://github.com/kean/Nuke";
			requirement = {
				kind = upToNextMajorVersion;
				minimumVersion = 12.8.0;
			};
		};
		CDE960142CB94C4F004C541C /* XCRemoteSwiftPackageReference "swiftui-introspect" */ = {
			isa = XCRemoteSwiftPackageReference;
			repositoryURL = "https://github.com/siteline/swiftui-introspect";
			requirement = {
				kind = upToNextMajorVersion;
				minimumVersion = 1.3.0;
			};
		};
/* End XCRemoteSwiftPackageReference section */

/* Begin XCSwiftPackageProductDependency section */
		B7020C532DCE157F007099D9 /* InlineConfig */ = {
			isa = XCSwiftPackageProductDependency;
			productName = InlineConfig;
		};
		B7020C552DCE157F007099D9 /* InlineKit */ = {
			isa = XCSwiftPackageProductDependency;
			productName = InlineKit;
		};
		B7020C572DCE157F007099D9 /* InlineProtocol */ = {
			isa = XCSwiftPackageProductDependency;
			productName = InlineProtocol;
		};
		B7020C592DCE1585007099D9 /* InlineUI */ = {
			isa = XCSwiftPackageProductDependency;
			productName = InlineUI;
		};
		B7020C5B2DCE1585007099D9 /* GRDB */ = {
			isa = XCSwiftPackageProductDependency;
			package = C3E6D5C92CAE82B00048D2D8 /* XCRemoteSwiftPackageReference "GRDB" */;
			productName = GRDB;
		};
		B7020C5D2DCE1592007099D9 /* Nuke */ = {
			isa = XCSwiftPackageProductDependency;
			package = CDB123D32D3E8066001AFC1A /* XCRemoteSwiftPackageReference "Nuke" */;
			productName = Nuke;
		};
		B7020C5F2DCE1593007099D9 /* NukeExtensions */ = {
			isa = XCSwiftPackageProductDependency;
			package = CDB123D32D3E8066001AFC1A /* XCRemoteSwiftPackageReference "Nuke" */;
			productName = NukeExtensions;
		};
		B7020C612DCE1593007099D9 /* NukeUI */ = {
			isa = XCSwiftPackageProductDependency;
			package = CDB123D32D3E8066001AFC1A /* XCRemoteSwiftPackageReference "Nuke" */;
			productName = NukeUI;
		};
		B7020C632DCE1593007099D9 /* NukeVideo */ = {
			isa = XCSwiftPackageProductDependency;
			package = CDB123D32D3E8066001AFC1A /* XCRemoteSwiftPackageReference "Nuke" */;
			productName = NukeVideo;
		};
		B77EE8072DC91CFD00C42B9E /* iPhoneNumberField */ = {
			isa = XCSwiftPackageProductDependency;
			package = B77EE8062DC91CFD00C42B9E /* XCRemoteSwiftPackageReference "iPhoneNumberField" */;
			productName = iPhoneNumberField;
		};
		C35092C92CAEA7DB00AE3E23 /* Sentry */ = {
			isa = XCSwiftPackageProductDependency;
			package = C35092C82CAEA7DA00AE3E23 /* XCRemoteSwiftPackageReference "sentry-cocoa" */;
			productName = Sentry;
		};
		C35092D42CAEE8EA00AE3E23 /* KeychainSwift */ = {
			isa = XCSwiftPackageProductDependency;
			package = C35092D32CAEE8EA00AE3E23 /* XCRemoteSwiftPackageReference "keychain-swift" */;
			productName = KeychainSwift;
		};
		C35E950D2CAC497700D569AF /* GRDB */ = {
			isa = XCSwiftPackageProductDependency;
			productName = GRDB;
		};
		C35EC8212CC2A24A0067979B /* InlineKit */ = {
			isa = XCSwiftPackageProductDependency;
			productName = InlineKit;
		};
		C35EC9F32CC4176D0067979B /* SwiftUIIntrospect */ = {
			isa = XCSwiftPackageProductDependency;
			package = CDE960142CB94C4F004C541C /* XCRemoteSwiftPackageReference "swiftui-introspect" */;
			productName = SwiftUIIntrospect;
		};
		C37F343F2D5A4D4800D7D7CC /* MCEmojiPicker */ = {
			isa = XCSwiftPackageProductDependency;
			package = C37F343E2D5A4D4800D7D7CC /* XCRemoteSwiftPackageReference "MCEmojiPicker" */;
			productName = MCEmojiPicker;
		};
		C38C905D2CB9431900B78B8A /* InlineKit */ = {
			isa = XCSwiftPackageProductDependency;
			productName = InlineKit;
		};
		C38C905F2CB9432200B78B8A /* InlineKit */ = {
			isa = XCSwiftPackageProductDependency;
			productName = InlineKit;
		};
		C3AEE6A92D4FCDC9005D1179 /* Nuke */ = {
			isa = XCSwiftPackageProductDependency;
			package = CDB123D32D3E8066001AFC1A /* XCRemoteSwiftPackageReference "Nuke" */;
			productName = Nuke;
		};
		C3AEE6AB2D4FCDD0005D1179 /* NukeUI */ = {
			isa = XCSwiftPackageProductDependency;
			package = CDB123D32D3E8066001AFC1A /* XCRemoteSwiftPackageReference "Nuke" */;
			productName = NukeUI;
		};
		C3CC99182CCE9AF7007F7F77 /* InlineUI */ = {
			isa = XCSwiftPackageProductDependency;
			productName = InlineUI;
		};
		C3CC991A2CCE9AFF007F7F77 /* InlineUI */ = {
			isa = XCSwiftPackageProductDependency;
			productName = InlineUI;
		};
		C3E6D5CA2CAE82B00048D2D8 /* GRDB */ = {
			isa = XCSwiftPackageProductDependency;
			package = C3E6D5C92CAE82B00048D2D8 /* XCRemoteSwiftPackageReference "GRDB" */;
			productName = GRDB;
		};
		CD0A3CD92CD536DF0081AD69 /* GRDBQuery */ = {
			isa = XCSwiftPackageProductDependency;
			package = CD0A3CD82CD536DF0081AD69 /* XCRemoteSwiftPackageReference "GRDBQuery" */;
			productName = GRDBQuery;
		};
		CD26CEAB2CB94E7900665A89 /* Sentry */ = {
			isa = XCSwiftPackageProductDependency;
			productName = Sentry;
		};
		CD27856E2CFB053C008A0EEF /* InlineConfig */ = {
			isa = XCSwiftPackageProductDependency;
			productName = InlineConfig;
		};
		CD2785702CFB0916008A0EEF /* InlineConfig */ = {
			isa = XCSwiftPackageProductDependency;
			productName = InlineConfig;
		};
		CD4D56CC2D2D4393006072AE /* Throttler */ = {
			isa = XCSwiftPackageProductDependency;
			package = CD4D56CB2D2D4393006072AE /* XCRemoteSwiftPackageReference "Throttler" */;
			productName = Throttler;
		};
		CDB123D42D3E8066001AFC1A /* Nuke */ = {
			isa = XCSwiftPackageProductDependency;
			package = CDB123D32D3E8066001AFC1A /* XCRemoteSwiftPackageReference "Nuke" */;
			productName = Nuke;
		};
		CDB123D62D3E8066001AFC1A /* NukeUI */ = {
			isa = XCSwiftPackageProductDependency;
			package = CDB123D32D3E8066001AFC1A /* XCRemoteSwiftPackageReference "Nuke" */;
			productName = NukeUI;
		};
		CDC72E3C2D999C6D001E8A0C /* GRDB */ = {
			isa = XCSwiftPackageProductDependency;
			package = C3E6D5C92CAE82B00048D2D8 /* XCRemoteSwiftPackageReference "GRDB" */;
			productName = GRDB;
		};
		CDE960152CB94C4F004C541C /* SwiftUIIntrospect */ = {
			isa = XCSwiftPackageProductDependency;
			package = CDE960142CB94C4F004C541C /* XCRemoteSwiftPackageReference "swiftui-introspect" */;
			productName = SwiftUIIntrospect;
		};
		CDE9601B2CB94D1C004C541C /* KeychainSwift */ = {
			isa = XCSwiftPackageProductDependency;
			package = C35092D32CAEE8EA00AE3E23 /* XCRemoteSwiftPackageReference "keychain-swift" */;
			productName = KeychainSwift;
		};
/* End XCSwiftPackageProductDependency section */
	};
	rootObject = CD2660FC2CA01CAE00EB186F /* Project object */;
}
