{
  "originHash" : "2af5c17aaa9da4c0533dc22d518ca60d6a90eddfc279eb3eccfa3378d361acaf",
  "pins" : [
    {
      "identity" : "grdb.swift",
      "kind" : "remoteSourceControl",
      "location" : "https://github.com/duckduckgo/GRDB.swift",
      "state" : {
        "branch" : "main",
        "revision" : "e0b43b524db8a5053672cf44869952bb81f11777"
      }
    },
    {
      "identity" : "sentry-cocoa",
      "kind" : "remoteSourceControl",
      "location" : "https://github.com/getsentry/sentry-cocoa",
      "state" : {
        "revision" : "5575af93efb776414f243e93d6af9f6258dc539a",
        "version" : "8.36.0"
      }
    }
  ],
  "version" : 3
}
