{
  "lockfileVersion": 1,
  "workspaces": {
    "": {
      "name": "inline-scripts",
      "devDependencies": {
        "@protobuf-ts/plugin": "^2.9.4",
      },
    },
  },
  "packages": {
    "@protobuf-ts/plugin": ["@protobuf-ts/plugin@2.9.4", "", { "dependencies": { "@protobuf-ts/plugin-framework": "^2.9.4", "@protobuf-ts/protoc": "^2.9.4", "@protobuf-ts/runtime": "^2.9.4", "@protobuf-ts/runtime-rpc": "^2.9.4", "typescript": "^3.9" }, "bin": { "protoc-gen-ts": "bin/protoc-gen-ts", "protoc-gen-dump": "bin/protoc-gen-dump" } }, "sha512-Db5Laq5T3mc6ERZvhIhkj1rn57/p8gbWiCKxQWbZBBl20wMuqKoHbRw4tuD7FyXi+IkwTToaNVXymv5CY3E8Rw=="],

    "@protobuf-ts/plugin-framework": ["@protobuf-ts/plugin-framework@2.9.4", "", { "dependencies": { "@protobuf-ts/runtime": "^2.9.4", "typescript": "^3.9" } }, "sha512-9nuX1kjdMliv+Pes8dQCKyVhjKgNNfwxVHg+tx3fLXSfZZRcUHMc1PMwB9/vTvc6gBKt9QGz5ERqSqZc0++E9A=="],

    "@protobuf-ts/protoc": ["@protobuf-ts/protoc@2.9.4", "", { "bin": { "protoc": "protoc.js" } }, "sha512-hQX+nOhFtrA+YdAXsXEDrLoGJqXHpgv4+BueYF0S9hy/Jq0VRTVlJS1Etmf4qlMt/WdigEes5LOd/LDzui4GIQ=="],

    "@protobuf-ts/runtime": ["@protobuf-ts/runtime@2.9.4", "", {}, "sha512-vHRFWtJJB/SiogWDF0ypoKfRIZ41Kq+G9cEFj6Qm1eQaAhJ1LDFvgZ7Ja4tb3iLOQhz0PaoPnnOijF1qmEqTxg=="],

    "@protobuf-ts/runtime-rpc": ["@protobuf-ts/runtime-rpc@2.9.4", "", { "dependencies": { "@protobuf-ts/runtime": "^2.9.4" } }, "sha512-y9L9JgnZxXFqH5vD4d7j9duWvIJ7AShyBRoNKJGhu9Q27qIbchfzli66H9RvrQNIFk5ER7z1Twe059WZGqERcA=="],

    "typescript": ["typescript@3.9.10", "", { "bin": { "tsc": "bin/tsc", "tsserver": "bin/tsserver" } }, "sha512-w6fIxVE/H1PkLKcCPsFqKE7Kv7QUwhU8qQY2MueZXWx5cPZdwFupLgKK3vntcK98BtNHZtAF4LA/yl2a7k8R6Q=="],
  }
}
