// !$*UTF8*$!
{
	archiveVersion = 1;
	classes = {
	};
	objectVersion = 77;
	objects = {

/* Begin PBXBuildFile section */
		C35092CA2CAEA7DB00AE3E23 /* Sentry in Frameworks */ = {isa = PBXBuildFile; productRef = C35092C92CAEA7DB00AE3E23 /* Sentry */; };
		C35092D52CAEE8EA00AE3E23 /* KeychainSwift in Frameworks */ = {isa = PBXBuildFile; productRef = C35092D42CAEE8EA00AE3E23 /* KeychainSwift */; };
		C35E950E2CAC497700D569AF /* GRDB in Frameworks */ = {isa = PBXBuildFile; productRef = C35E950D2CAC497700D569AF /* GRDB */; };
		C35EC8222CC2A24A0067979B /* InlineKit in Frameworks */ = {isa = PBXBuildFile; productRef = C35EC8212CC2A24A0067979B /* InlineKit */; };
		C35EC9F42CC4176D0067979B /* SwiftUIIntrospect in Frameworks */ = {isa = PBXBuildFile; productRef = C35EC9F32CC4176D0067979B /* SwiftUIIntrospect */; };
		C38C905E2CB9431900B78B8A /* InlineKit in Frameworks */ = {isa = PBXBuildFile; productRef = C38C905D2CB9431900B78B8A /* InlineKit */; };
		C38C90602CB9432200B78B8A /* InlineKit in Frameworks */ = {isa = PBXBuildFile; productRef = C38C905F2CB9432200B78B8A /* InlineKit */; };
		C3CC99192CCE9AF7007F7F77 /* InlineUI in Frameworks */ = {isa = PBXBuildFile; productRef = C3CC99182CCE9AF7007F7F77 /* InlineUI */; };
		C3CC991B2CCE9AFF007F7F77 /* InlineUI in Frameworks */ = {isa = PBXBuildFile; productRef = C3CC991A2CCE9AFF007F7F77 /* InlineUI */; };
		C3E6D5CB2CAE82B00048D2D8 /* GRDB in Frameworks */ = {isa = PBXBuildFile; productRef = C3E6D5CA2CAE82B00048D2D8 /* GRDB */; };
		CD0A3CDA2CD536DF0081AD69 /* GRDBQuery in Frameworks */ = {isa = PBXBuildFile; productRef = CD0A3CD92CD536DF0081AD69 /* GRDBQuery */; };
		CD26CEAC2CB94E7900665A89 /* Sentry in Frameworks */ = {isa = PBXBuildFile; productRef = CD26CEAB2CB94E7900665A89 /* Sentry */; };
		CD27856F2CFB053C008A0EEF /* InlineConfig in Frameworks */ = {isa = PBXBuildFile; productRef = CD27856E2CFB053C008A0EEF /* InlineConfig */; };
		CD2785712CFB0916008A0EEF /* InlineConfig in Frameworks */ = {isa = PBXBuildFile; productRef = CD2785702CFB0916008A0EEF /* InlineConfig */; };
		CDE960162CB94C4F004C541C /* SwiftUIIntrospect in Frameworks */ = {isa = PBXBuildFile; productRef = CDE960152CB94C4F004C541C /* SwiftUIIntrospect */; };
		CDE9601C2CB94D1C004C541C /* KeychainSwift in Frameworks */ = {isa = PBXBuildFile; productRef = CDE9601B2CB94D1C004C541C /* KeychainSwift */; };
/* End PBXBuildFile section */

/* Begin PBXContainerItemProxy section */
		C38A28472CA5AB9200D3DFB8 /* PBXContainerItemProxy */ = {
			isa = PBXContainerItemProxy;
			containerPortal = CD2660FC2CA01CAE00EB186F /* Project object */;
			proxyType = 1;
			remoteGlobalIDString = C38A28362CA5AB8F00D3DFB8;
			remoteInfo = InlineIOS;
		};
		C38A28512CA5AB9200D3DFB8 /* PBXContainerItemProxy */ = {
			isa = PBXContainerItemProxy;
			containerPortal = CD2660FC2CA01CAE00EB186F /* Project object */;
			proxyType = 1;
			remoteGlobalIDString = C38A28362CA5AB8F00D3DFB8;
			remoteInfo = InlineIOS;
		};
		CD2661762CA01E4000EB186F /* PBXContainerItemProxy */ = {
			isa = PBXContainerItemProxy;
			containerPortal = CD2660FC2CA01CAE00EB186F /* Project object */;
			proxyType = 1;
			remoteGlobalIDString = CD2661642CA01E3E00EB186F;
			remoteInfo = InlineMac;
		};
		CD2661802CA01E4000EB186F /* PBXContainerItemProxy */ = {
			isa = PBXContainerItemProxy;
			containerPortal = CD2660FC2CA01CAE00EB186F /* Project object */;
			proxyType = 1;
			remoteGlobalIDString = CD2661642CA01E3E00EB186F;
			remoteInfo = InlineMac;
		};
/* End PBXContainerItemProxy section */

/* Begin PBXFileReference section */
		C38A28372CA5AB8F00D3DFB8 /* InlineIOS.app */ = {isa = PBXFileReference; explicitFileType = wrapper.application; includeInIndex = 0; path = InlineIOS.app; sourceTree = BUILT_PRODUCTS_DIR; };
		C38A28462CA5AB9200D3DFB8 /* InlineIOSTests.xctest */ = {isa = PBXFileReference; explicitFileType = wrapper.cfbundle; includeInIndex = 0; path = InlineIOSTests.xctest; sourceTree = BUILT_PRODUCTS_DIR; };
		C38A28502CA5AB9200D3DFB8 /* InlineIOSUITests.xctest */ = {isa = PBXFileReference; explicitFileType = wrapper.cfbundle; includeInIndex = 0; path = InlineIOSUITests.xctest; sourceTree = BUILT_PRODUCTS_DIR; };
		C3AA8E4E2CB942BF00800A03 /* InlineKit */ = {isa = PBXFileReference; lastKnownFileType = wrapper; path = InlineKit; sourceTree = "<group>"; };
		C3CC99172CCE9A7E007F7F77 /* InlineUI */ = {isa = PBXFileReference; lastKnownFileType = wrapper; path = InlineUI; sourceTree = "<group>"; };
		CD2661652CA01E3E00EB186F /* Inline.app */ = {isa = PBXFileReference; explicitFileType = wrapper.application; includeInIndex = 0; path = Inline.app; sourceTree = BUILT_PRODUCTS_DIR; };
		CD2661752CA01E4000EB186F /* InlineMacTests.xctest */ = {isa = PBXFileReference; explicitFileType = wrapper.cfbundle; includeInIndex = 0; path = InlineMacTests.xctest; sourceTree = BUILT_PRODUCTS_DIR; };
		CD26617F2CA01E4000EB186F /* InlineMacUITests.xctest */ = {isa = PBXFileReference; explicitFileType = wrapper.cfbundle; includeInIndex = 0; path = InlineMacUITests.xctest; sourceTree = BUILT_PRODUCTS_DIR; };
		CD5326842CE113CD00EC348D /* Config.xcconfig */ = {isa = PBXFileReference; lastKnownFileType = text.xcconfig; path = Config.xcconfig; sourceTree = "<group>"; };
		CD5326862CE1149700EC348D /* Config.release.xcconfig */ = {isa = PBXFileReference; lastKnownFileType = text.xcconfig; path = Config.release.xcconfig; sourceTree = "<group>"; };
/* End PBXFileReference section */

/* Begin PBXFileSystemSynchronizedBuildFileExceptionSet section */
		C33CC3A22CA5C771002882B3 /* Exceptions for "InlineIOS" folder in "InlineIOS" target */ = {
			isa = PBXFileSystemSynchronizedBuildFileExceptionSet;
			membershipExceptions = (
				Info.plist,
			);
			target = C38A28362CA5AB8F00D3DFB8 /* InlineIOS */;
		};
		CD4F9CBD2CCCEB2F006AA93E /* Exceptions for "InlineMac" folder in "InlineMac" target */ = {
			isa = PBXFileSystemSynchronizedBuildFileExceptionSet;
			membershipExceptions = (
				Info.plist,
			);
			target = CD2661642CA01E3E00EB186F /* InlineMac */;
		};
/* End PBXFileSystemSynchronizedBuildFileExceptionSet section */

/* Begin PBXFileSystemSynchronizedRootGroup section */
		C38A28382CA5AB8F00D3DFB8 /* InlineIOS */ = {
			isa = PBXFileSystemSynchronizedRootGroup;
			exceptions = (
				C33CC3A22CA5C771002882B3 /* Exceptions for "InlineIOS" folder in "InlineIOS" target */,
			);
			path = InlineIOS;
			sourceTree = "<group>";
		};
		C38A28492CA5AB9200D3DFB8 /* InlineIOSTests */ = {
			isa = PBXFileSystemSynchronizedRootGroup;
			path = InlineIOSTests;
			sourceTree = "<group>";
		};
		C38A28532CA5AB9200D3DFB8 /* InlineIOSUITests */ = {
			isa = PBXFileSystemSynchronizedRootGroup;
			path = InlineIOSUITests;
			sourceTree = "<group>";
		};
		CD2661662CA01E3E00EB186F /* InlineMac */ = {
			isa = PBXFileSystemSynchronizedRootGroup;
			exceptions = (
				CD4F9CBD2CCCEB2F006AA93E /* Exceptions for "InlineMac" folder in "InlineMac" target */,
			);
			path = InlineMac;
			sourceTree = "<group>";
		};
		CD2661782CA01E4000EB186F /* InlineMacTests */ = {
			isa = PBXFileSystemSynchronizedRootGroup;
			path = InlineMacTests;
			sourceTree = "<group>";
		};
		CD2661822CA01E4000EB186F /* InlineMacUITests */ = {
			isa = PBXFileSystemSynchronizedRootGroup;
			path = InlineMacUITests;
			sourceTree = "<group>";
		};
/* End PBXFileSystemSynchronizedRootGroup section */

/* Begin PBXFrameworksBuildPhase section */
		C38A28342CA5AB8F00D3DFB8 /* Frameworks */ = {
			isa = PBXFrameworksBuildPhase;
			buildActionMask = 2147483647;
			files = (
				C35EC9F42CC4176D0067979B /* SwiftUIIntrospect in Frameworks */,
				CD27856F2CFB053C008A0EEF /* InlineConfig in Frameworks */,
				C35EC8222CC2A24A0067979B /* InlineKit in Frameworks */,
				C3E6D5CB2CAE82B00048D2D8 /* GRDB in Frameworks */,
				C35092D52CAEE8EA00AE3E23 /* KeychainSwift in Frameworks */,
				C35E950E2CAC497700D569AF /* GRDB in Frameworks */,
				C3CC99192CCE9AF7007F7F77 /* InlineUI in Frameworks */,
				C38C905E2CB9431900B78B8A /* InlineKit in Frameworks */,
				C35092CA2CAEA7DB00AE3E23 /* Sentry in Frameworks */,
			);
			runOnlyForDeploymentPostprocessing = 0;
		};
		C38A28432CA5AB9200D3DFB8 /* Frameworks */ = {
			isa = PBXFrameworksBuildPhase;
			buildActionMask = 2147483647;
			files = (
			);
			runOnlyForDeploymentPostprocessing = 0;
		};
		C38A284D2CA5AB9200D3DFB8 /* Frameworks */ = {
			isa = PBXFrameworksBuildPhase;
			buildActionMask = 2147483647;
			files = (
			);
			runOnlyForDeploymentPostprocessing = 0;
		};
		CD2661622CA01E3E00EB186F /* Frameworks */ = {
			isa = PBXFrameworksBuildPhase;
			buildActionMask = 2147483647;
			files = (
				CD2785712CFB0916008A0EEF /* InlineConfig in Frameworks */,
				CD26CEAC2CB94E7900665A89 /* Sentry in Frameworks */,
				C38C90602CB9432200B78B8A /* InlineKit in Frameworks */,
				CD0A3CDA2CD536DF0081AD69 /* GRDBQuery in Frameworks */,
				CDE960162CB94C4F004C541C /* SwiftUIIntrospect in Frameworks */,
				CDE9601C2CB94D1C004C541C /* KeychainSwift in Frameworks */,
				C3CC991B2CCE9AFF007F7F77 /* InlineUI in Frameworks */,
			);
			runOnlyForDeploymentPostprocessing = 0;
		};
		CD2661722CA01E4000EB186F /* Frameworks */ = {
			isa = PBXFrameworksBuildPhase;
			buildActionMask = 2147483647;
			files = (
			);
			runOnlyForDeploymentPostprocessing = 0;
		};
		CD26617C2CA01E4000EB186F /* Frameworks */ = {
			isa = PBXFrameworksBuildPhase;
			buildActionMask = 2147483647;
			files = (
			);
			runOnlyForDeploymentPostprocessing = 0;
		};
/* End PBXFrameworksBuildPhase section */

/* Begin PBXGroup section */
		C31675032CAC167D009A1FD8 /* Frameworks */ = {
			isa = PBXGroup;
			children = (
			);
			name = Frameworks;
			sourceTree = "<group>";
		};
		CD2660FB2CA01CAE00EB186F = {
			isa = PBXGroup;
			children = (
				C3CC99172CCE9A7E007F7F77 /* InlineUI */,
				C3AA8E4E2CB942BF00800A03 /* InlineKit */,
				CD2661662CA01E3E00EB186F /* InlineMac */,
				CD2661782CA01E4000EB186F /* InlineMacTests */,
				CD2661822CA01E4000EB186F /* InlineMacUITests */,
				C38A28382CA5AB8F00D3DFB8 /* InlineIOS */,
				C38A28492CA5AB9200D3DFB8 /* InlineIOSTests */,
				C38A28532CA5AB9200D3DFB8 /* InlineIOSUITests */,
				C31675032CAC167D009A1FD8 /* Frameworks */,
				CD2661052CA01CAE00EB186F /* Products */,
				CD5326842CE113CD00EC348D /* Config.xcconfig */,
				CD5326862CE1149700EC348D /* Config.release.xcconfig */,
			);
			sourceTree = "<group>";
		};
		CD2661052CA01CAE00EB186F /* Products */ = {
			isa = PBXGroup;
			children = (
				CD2661652CA01E3E00EB186F /* Inline.app */,
				CD2661752CA01E4000EB186F /* InlineMacTests.xctest */,
				CD26617F2CA01E4000EB186F /* InlineMacUITests.xctest */,
				C38A28372CA5AB8F00D3DFB8 /* InlineIOS.app */,
				C38A28462CA5AB9200D3DFB8 /* InlineIOSTests.xctest */,
				C38A28502CA5AB9200D3DFB8 /* InlineIOSUITests.xctest */,
			);
			name = Products;
			sourceTree = "<group>";
		};
/* End PBXGroup section */

/* Begin PBXNativeTarget section */
		C38A28362CA5AB8F00D3DFB8 /* InlineIOS */ = {
			isa = PBXNativeTarget;
			buildConfigurationList = C38A285E2CA5AB9200D3DFB8 /* Build configuration list for PBXNativeTarget "InlineIOS" */;
			buildPhases = (
				C38A28332CA5AB8F00D3DFB8 /* Sources */,
				C38A28342CA5AB8F00D3DFB8 /* Frameworks */,
				C38A28352CA5AB8F00D3DFB8 /* Resources */,
			);
			buildRules = (
			);
			dependencies = (
			);
			fileSystemSynchronizedGroups = (
				C38A28382CA5AB8F00D3DFB8 /* InlineIOS */,
			);
			name = InlineIOS;
			packageProductDependencies = (
				C35E950D2CAC497700D569AF /* GRDB */,
				C3E6D5CA2CAE82B00048D2D8 /* GRDB */,
				C35092C92CAEA7DB00AE3E23 /* Sentry */,
				C35092D42CAEE8EA00AE3E23 /* KeychainSwift */,
				C38C905D2CB9431900B78B8A /* InlineKit */,
				C35EC8212CC2A24A0067979B /* InlineKit */,
				C35EC9F32CC4176D0067979B /* SwiftUIIntrospect */,
				C3CC99182CCE9AF7007F7F77 /* InlineUI */,
				CD27856E2CFB053C008A0EEF /* InlineConfig */,
			);
			productName = InlineIOS;
			productReference = C38A28372CA5AB8F00D3DFB8 /* InlineIOS.app */;
			productType = "com.apple.product-type.application";
		};
		C38A28452CA5AB9200D3DFB8 /* InlineIOSTests */ = {
			isa = PBXNativeTarget;
			buildConfigurationList = C38A285F2CA5AB9200D3DFB8 /* Build configuration list for PBXNativeTarget "InlineIOSTests" */;
			buildPhases = (
				C38A28422CA5AB9200D3DFB8 /* Sources */,
				C38A28432CA5AB9200D3DFB8 /* Frameworks */,
				C38A28442CA5AB9200D3DFB8 /* Resources */,
			);
			buildRules = (
			);
			dependencies = (
				C38A28482CA5AB9200D3DFB8 /* PBXTargetDependency */,
			);
			fileSystemSynchronizedGroups = (
				C38A28492CA5AB9200D3DFB8 /* InlineIOSTests */,
			);
			name = InlineIOSTests;
			packageProductDependencies = (
			);
			productName = InlineIOSTests;
			productReference = C38A28462CA5AB9200D3DFB8 /* InlineIOSTests.xctest */;
			productType = "com.apple.product-type.bundle.unit-test";
		};
		C38A284F2CA5AB9200D3DFB8 /* InlineIOSUITests */ = {
			isa = PBXNativeTarget;
			buildConfigurationList = C38A28602CA5AB9200D3DFB8 /* Build configuration list for PBXNativeTarget "InlineIOSUITests" */;
			buildPhases = (
				C38A284C2CA5AB9200D3DFB8 /* Sources */,
				C38A284D2CA5AB9200D3DFB8 /* Frameworks */,
				C38A284E2CA5AB9200D3DFB8 /* Resources */,
			);
			buildRules = (
			);
			dependencies = (
				C38A28522CA5AB9200D3DFB8 /* PBXTargetDependency */,
			);
			fileSystemSynchronizedGroups = (
				C38A28532CA5AB9200D3DFB8 /* InlineIOSUITests */,
			);
			name = InlineIOSUITests;
			packageProductDependencies = (
			);
			productName = InlineIOSUITests;
			productReference = C38A28502CA5AB9200D3DFB8 /* InlineIOSUITests.xctest */;
			productType = "com.apple.product-type.bundle.ui-testing";
		};
		CD2661642CA01E3E00EB186F /* InlineMac */ = {
			isa = PBXNativeTarget;
			buildConfigurationList = CD2661872CA01E4000EB186F /* Build configuration list for PBXNativeTarget "InlineMac" */;
			buildPhases = (
				CD2661612CA01E3E00EB186F /* Sources */,
				CD2661622CA01E3E00EB186F /* Frameworks */,
				CD2661632CA01E3E00EB186F /* Resources */,
			);
			buildRules = (
			);
			dependencies = (
			);
			fileSystemSynchronizedGroups = (
				CD2661662CA01E3E00EB186F /* InlineMac */,
			);
			name = InlineMac;
			packageProductDependencies = (
				C38C905F2CB9432200B78B8A /* InlineKit */,
				CDE960152CB94C4F004C541C /* SwiftUIIntrospect */,
				CDE9601B2CB94D1C004C541C /* KeychainSwift */,
				CD26CEAB2CB94E7900665A89 /* Sentry */,
				C3CC991A2CCE9AFF007F7F77 /* InlineUI */,
				CD0A3CD92CD536DF0081AD69 /* GRDBQuery */,
				CD2785702CFB0916008A0EEF /* InlineConfig */,
			);
			productName = InlineMac;
			productReference = CD2661652CA01E3E00EB186F /* Inline.app */;
			productType = "com.apple.product-type.application";
		};
		CD2661742CA01E4000EB186F /* InlineMacTests */ = {
			isa = PBXNativeTarget;
			buildConfigurationList = CD26618A2CA01E4000EB186F /* Build configuration list for PBXNativeTarget "InlineMacTests" */;
			buildPhases = (
				CD2661712CA01E4000EB186F /* Sources */,
				CD2661722CA01E4000EB186F /* Frameworks */,
				CD2661732CA01E4000EB186F /* Resources */,
			);
			buildRules = (
			);
			dependencies = (
				CD2661772CA01E4000EB186F /* PBXTargetDependency */,
			);
			fileSystemSynchronizedGroups = (
				CD2661782CA01E4000EB186F /* InlineMacTests */,
			);
			name = InlineMacTests;
			packageProductDependencies = (
			);
			productName = InlineMacTests;
			productReference = CD2661752CA01E4000EB186F /* InlineMacTests.xctest */;
			productType = "com.apple.product-type.bundle.unit-test";
		};
		CD26617E2CA01E4000EB186F /* InlineMacUITests */ = {
			isa = PBXNativeTarget;
			buildConfigurationList = CD26618D2CA01E4000EB186F /* Build configuration list for PBXNativeTarget "InlineMacUITests" */;
			buildPhases = (
				CD26617B2CA01E4000EB186F /* Sources */,
				CD26617C2CA01E4000EB186F /* Frameworks */,
				CD26617D2CA01E4000EB186F /* Resources */,
			);
			buildRules = (
			);
			dependencies = (
				CD2661812CA01E4000EB186F /* PBXTargetDependency */,
			);
			fileSystemSynchronizedGroups = (
				CD2661822CA01E4000EB186F /* InlineMacUITests */,
			);
			name = InlineMacUITests;
			packageProductDependencies = (
			);
			productName = InlineMacUITests;
			productReference = CD26617F2CA01E4000EB186F /* InlineMacUITests.xctest */;
			productType = "com.apple.product-type.bundle.ui-testing";
		};
/* End PBXNativeTarget section */

/* Begin PBXProject section */
		CD2660FC2CA01CAE00EB186F /* Project object */ = {
			isa = PBXProject;
			attributes = {
				BuildIndependentTargetsInParallel = 1;
				LastSwiftUpdateCheck = 1600;
				LastUpgradeCheck = 1600;
				TargetAttributes = {
					C38A28362CA5AB8F00D3DFB8 = {
						CreatedOnToolsVersion = 16.0;
					};
					C38A28452CA5AB9200D3DFB8 = {
						CreatedOnToolsVersion = 16.0;
						TestTargetID = C38A28362CA5AB8F00D3DFB8;
					};
					C38A284F2CA5AB9200D3DFB8 = {
						CreatedOnToolsVersion = 16.0;
						TestTargetID = C38A28362CA5AB8F00D3DFB8;
					};
					CD2661642CA01E3E00EB186F = {
						CreatedOnToolsVersion = 16.0;
					};
					CD2661742CA01E4000EB186F = {
						CreatedOnToolsVersion = 16.0;
						TestTargetID = CD2661642CA01E3E00EB186F;
					};
					CD26617E2CA01E4000EB186F = {
						CreatedOnToolsVersion = 16.0;
						TestTargetID = CD2661642CA01E3E00EB186F;
					};
				};
			};
			buildConfigurationList = CD2660FF2CA01CAE00EB186F /* Build configuration list for PBXProject "Inline" */;
			developmentRegion = en;
			hasScannedForEncodings = 0;
			knownRegions = (
				en,
				Base,
				"zh-Hans",
				"zh-Hant",
				fa,
				ja,
				de,
				fr,
				ar,
				es,
				ru,
				it,
				tr,
				vi,
				ko,
				pl,
			);
			mainGroup = CD2660FB2CA01CAE00EB186F;
			minimizedProjectReferenceProxies = 1;
			packageReferences = (
				C3E6D5C92CAE82B00048D2D8 /* XCRemoteSwiftPackageReference "GRDB" */,
				C35092C82CAEA7DA00AE3E23 /* XCRemoteSwiftPackageReference "sentry-cocoa" */,
				C35092D32CAEE8EA00AE3E23 /* XCRemoteSwiftPackageReference "keychain-swift" */,
				CDE960142CB94C4F004C541C /* XCRemoteSwiftPackageReference "swiftui-introspect" */,
				CD0A3CD82CD536DF0081AD69 /* XCRemoteSwiftPackageReference "GRDBQuery" */,
			);
			preferredProjectObjectVersion = 77;
			productRefGroup = CD2661052CA01CAE00EB186F /* Products */;
			projectDirPath = "";
			projectRoot = "";
			targets = (
				CD2661642CA01E3E00EB186F /* InlineMac */,
				CD2661742CA01E4000EB186F /* InlineMacTests */,
				CD26617E2CA01E4000EB186F /* InlineMacUITests */,
				C38A28362CA5AB8F00D3DFB8 /* InlineIOS */,
				C38A28452CA5AB9200D3DFB8 /* InlineIOSTests */,
				C38A284F2CA5AB9200D3DFB8 /* InlineIOSUITests */,
			);
		};
/* End PBXProject section */

/* Begin PBXResourcesBuildPhase section */
		C38A28352CA5AB8F00D3DFB8 /* Resources */ = {
			isa = PBXResourcesBuildPhase;
			buildActionMask = 2147483647;
			files = (
			);
			runOnlyForDeploymentPostprocessing = 0;
		};
		C38A28442CA5AB9200D3DFB8 /* Resources */ = {
			isa = PBXResourcesBuildPhase;
			buildActionMask = 2147483647;
			files = (
			);
			runOnlyForDeploymentPostprocessing = 0;
		};
		C38A284E2CA5AB9200D3DFB8 /* Resources */ = {
			isa = PBXResourcesBuildPhase;
			buildActionMask = 2147483647;
			files = (
			);
			runOnlyForDeploymentPostprocessing = 0;
		};
		CD2661632CA01E3E00EB186F /* Resources */ = {
			isa = PBXResourcesBuildPhase;
			buildActionMask = 2147483647;
			files = (
			);
			runOnlyForDeploymentPostprocessing = 0;
		};
		CD2661732CA01E4000EB186F /* Resources */ = {
			isa = PBXResourcesBuildPhase;
			buildActionMask = 2147483647;
			files = (
			);
			runOnlyForDeploymentPostprocessing = 0;
		};
		CD26617D2CA01E4000EB186F /* Resources */ = {
			isa = PBXResourcesBuildPhase;
			buildActionMask = 2147483647;
			files = (
			);
			runOnlyForDeploymentPostprocessing = 0;
		};
/* End PBXResourcesBuildPhase section */

/* Begin PBXSourcesBuildPhase section */
		C38A28332CA5AB8F00D3DFB8 /* Sources */ = {
			isa = PBXSourcesBuildPhase;
			buildActionMask = 2147483647;
			files = (
			);
			runOnlyForDeploymentPostprocessing = 0;
		};
		C38A28422CA5AB9200D3DFB8 /* Sources */ = {
			isa = PBXSourcesBuildPhase;
			buildActionMask = 2147483647;
			files = (
			);
			runOnlyForDeploymentPostprocessing = 0;
		};
		C38A284C2CA5AB9200D3DFB8 /* Sources */ = {
			isa = PBXSourcesBuildPhase;
			buildActionMask = 2147483647;
			files = (
			);
			runOnlyForDeploymentPostprocessing = 0;
		};
		CD2661612CA01E3E00EB186F /* Sources */ = {
			isa = PBXSourcesBuildPhase;
			buildActionMask = 2147483647;
			files = (
			);
			runOnlyForDeploymentPostprocessing = 0;
		};
		CD2661712CA01E4000EB186F /* Sources */ = {
			isa = PBXSourcesBuildPhase;
			buildActionMask = 2147483647;
			files = (
			);
			runOnlyForDeploymentPostprocessing = 0;
		};
		CD26617B2CA01E4000EB186F /* Sources */ = {
			isa = PBXSourcesBuildPhase;
			buildActionMask = 2147483647;
			files = (
			);
			runOnlyForDeploymentPostprocessing = 0;
		};
/* End PBXSourcesBuildPhase section */

/* Begin PBXTargetDependency section */
		C38A28482CA5AB9200D3DFB8 /* PBXTargetDependency */ = {
			isa = PBXTargetDependency;
			target = C38A28362CA5AB8F00D3DFB8 /* InlineIOS */;
			targetProxy = C38A28472CA5AB9200D3DFB8 /* PBXContainerItemProxy */;
		};
		C38A28522CA5AB9200D3DFB8 /* PBXTargetDependency */ = {
			isa = PBXTargetDependency;
			target = C38A28362CA5AB8F00D3DFB8 /* InlineIOS */;
			targetProxy = C38A28512CA5AB9200D3DFB8 /* PBXContainerItemProxy */;
		};
		CD2661772CA01E4000EB186F /* PBXTargetDependency */ = {
			isa = PBXTargetDependency;
			target = CD2661642CA01E3E00EB186F /* InlineMac */;
			targetProxy = CD2661762CA01E4000EB186F /* PBXContainerItemProxy */;
		};
		CD2661812CA01E4000EB186F /* PBXTargetDependency */ = {
			isa = PBXTargetDependency;
			target = CD2661642CA01E3E00EB186F /* InlineMac */;
			targetProxy = CD2661802CA01E4000EB186F /* PBXContainerItemProxy */;
		};
/* End PBXTargetDependency section */

/* Begin XCBuildConfiguration section */
		C38A28582CA5AB9200D3DFB8 /* Debug */ = {
			isa = XCBuildConfiguration;
			baseConfigurationReference = CD5326842CE113CD00EC348D /* Config.xcconfig */;
			buildSettings = {
				ASSETCATALOG_COMPILER_APPICON_NAME = AppIcon;
				ASSETCATALOG_COMPILER_GLOBAL_ACCENT_COLOR_NAME = AccentColor;
				CODE_SIGN_ENTITLEMENTS = InlineIOS/InlineIOS.entitlements;
				CODE_SIGN_STYLE = Automatic;
				CURRENT_PROJECT_VERSION = 2;
				DEVELOPMENT_ASSET_PATHS = "";
				DEVELOPMENT_TEAM = 2487AN8AL4;
				ENABLE_PREVIEWS = YES;
				GENERATE_INFOPLIST_FILE = YES;
				INFOPLIST_FILE = InlineIOS/Info.plist;
				INFOPLIST_KEY_CFBundleDisplayName = Inline;
				INFOPLIST_KEY_LSApplicationCategoryType = "public.app-category.business";
				INFOPLIST_KEY_UIApplicationSceneManifest_Generation = YES;
				INFOPLIST_KEY_UIApplicationSupportsIndirectInputEvents = YES;
				INFOPLIST_KEY_UILaunchScreen_Generation = YES;
				INFOPLIST_KEY_UISupportedInterfaceOrientations_iPad = "UIInterfaceOrientationPortrait UIInterfaceOrientationPortraitUpsideDown UIInterfaceOrientationLandscapeLeft UIInterfaceOrientationLandscapeRight";
				INFOPLIST_KEY_UISupportedInterfaceOrientations_iPhone = "UIInterfaceOrientationPortrait UIInterfaceOrientationLandscapeLeft UIInterfaceOrientationLandscapeRight";
				IPHONEOS_DEPLOYMENT_TARGET = 17.0;
				LD_RUNPATH_SEARCH_PATHS = (
					"$(inherited)",
					"@executable_path/Frameworks",
				);
				MARKETING_VERSION = 0.1;
				PRODUCT_BUNDLE_IDENTIFIER = chat.inline.InlineIOS;
				PRODUCT_NAME = "$(TARGET_NAME)";
				SDKROOT = iphoneos;
				SUPPORTED_PLATFORMS = "iphoneos iphonesimulator";
				SUPPORTS_MACCATALYST = NO;
				SUPPORTS_MAC_DESIGNED_FOR_IPHONE_IPAD = NO;
				SWIFT_EMIT_LOC_STRINGS = YES;
				SWIFT_VERSION = 5.0;
				TARGETED_DEVICE_FAMILY = "1,2";
			};
			name = Debug;
		};
		C38A28592CA5AB9200D3DFB8 /* Release */ = {
			isa = XCBuildConfiguration;
			baseConfigurationReference = CD5326862CE1149700EC348D /* Config.release.xcconfig */;
			buildSettings = {
				ASSETCATALOG_COMPILER_APPICON_NAME = AppIcon;
				ASSETCATALOG_COMPILER_GLOBAL_ACCENT_COLOR_NAME = AccentColor;
				CODE_SIGN_ENTITLEMENTS = InlineIOS/InlineIOS.entitlements;
				CODE_SIGN_STYLE = Automatic;
				CURRENT_PROJECT_VERSION = 2;
				DEVELOPMENT_ASSET_PATHS = "";
				DEVELOPMENT_TEAM = 2487AN8AL4;
				ENABLE_PREVIEWS = YES;
				GENERATE_INFOPLIST_FILE = YES;
				INFOPLIST_FILE = InlineIOS/Info.plist;
				INFOPLIST_KEY_CFBundleDisplayName = Inline;
				INFOPLIST_KEY_LSApplicationCategoryType = "public.app-category.business";
				INFOPLIST_KEY_UIApplicationSceneManifest_Generation = YES;
				INFOPLIST_KEY_UIApplicationSupportsIndirectInputEvents = YES;
				INFOPLIST_KEY_UILaunchScreen_Generation = YES;
				INFOPLIST_KEY_UISupportedInterfaceOrientations_iPad = "UIInterfaceOrientationPortrait UIInterfaceOrientationPortraitUpsideDown UIInterfaceOrientationLandscapeLeft UIInterfaceOrientationLandscapeRight";
				INFOPLIST_KEY_UISupportedInterfaceOrientations_iPhone = "UIInterfaceOrientationPortrait UIInterfaceOrientationLandscapeLeft UIInterfaceOrientationLandscapeRight";
				IPHONEOS_DEPLOYMENT_TARGET = 17.0;
				LD_RUNPATH_SEARCH_PATHS = (
					"$(inherited)",
					"@executable_path/Frameworks",
				);
				MARKETING_VERSION = 0.1;
				PRODUCT_BUNDLE_IDENTIFIER = chat.inline.InlineIOS;
				PRODUCT_NAME = "$(TARGET_NAME)";
				SDKROOT = iphoneos;
				SUPPORTED_PLATFORMS = "iphoneos iphonesimulator";
				SUPPORTS_MACCATALYST = NO;
				SUPPORTS_MAC_DESIGNED_FOR_IPHONE_IPAD = NO;
				SWIFT_EMIT_LOC_STRINGS = YES;
				SWIFT_VERSION = 5.0;
				TARGETED_DEVICE_FAMILY = "1,2";
				VALIDATE_PRODUCT = YES;
			};
			name = Release;
		};
		C38A285A2CA5AB9200D3DFB8 /* Debug */ = {
			isa = XCBuildConfiguration;
			buildSettings = {
				BUNDLE_LOADER = "$(TEST_HOST)";
				CODE_SIGN_STYLE = Automatic;
				CURRENT_PROJECT_VERSION = 1;
				DEVELOPMENT_TEAM = 2487AN8AL4;
				GENERATE_INFOPLIST_FILE = YES;
				IPHONEOS_DEPLOYMENT_TARGET = 17.0;
				MARKETING_VERSION = 1.0;
				PRODUCT_BUNDLE_IDENTIFIER = chat.inline.InlineIOSTests;
				PRODUCT_NAME = "$(TARGET_NAME)";
				SDKROOT = iphoneos;
				SWIFT_EMIT_LOC_STRINGS = NO;
				SWIFT_VERSION = 5.0;
				TARGETED_DEVICE_FAMILY = "1,2";
				TEST_HOST = "$(BUILT_PRODUCTS_DIR)/InlineIOS.app/$(BUNDLE_EXECUTABLE_FOLDER_PATH)/InlineIOS";
			};
			name = Debug;
		};
		C38A285B2CA5AB9200D3DFB8 /* Release */ = {
			isa = XCBuildConfiguration;
			buildSettings = {
				BUNDLE_LOADER = "$(TEST_HOST)";
				CODE_SIGN_STYLE = Automatic;
				CURRENT_PROJECT_VERSION = 1;
				DEVELOPMENT_TEAM = 2487AN8AL4;
				GENERATE_INFOPLIST_FILE = YES;
				IPHONEOS_DEPLOYMENT_TARGET = 17.0;
				MARKETING_VERSION = 1.0;
				PRODUCT_BUNDLE_IDENTIFIER = chat.inline.InlineIOSTests;
				PRODUCT_NAME = "$(TARGET_NAME)";
				SDKROOT = iphoneos;
				SWIFT_EMIT_LOC_STRINGS = NO;
				SWIFT_VERSION = 5.0;
				TARGETED_DEVICE_FAMILY = "1,2";
				TEST_HOST = "$(BUILT_PRODUCTS_DIR)/InlineIOS.app/$(BUNDLE_EXECUTABLE_FOLDER_PATH)/InlineIOS";
				VALIDATE_PRODUCT = YES;
			};
			name = Release;
		};
		C38A285C2CA5AB9200D3DFB8 /* Debug */ = {
			isa = XCBuildConfiguration;
			buildSettings = {
				CODE_SIGN_STYLE = Automatic;
				CURRENT_PROJECT_VERSION = 1;
				DEVELOPMENT_TEAM = 2487AN8AL4;
				GENERATE_INFOPLIST_FILE = YES;
				IPHONEOS_DEPLOYMENT_TARGET = 17.0;
				MARKETING_VERSION = 1.0;
				PRODUCT_BUNDLE_IDENTIFIER = chat.inline.InlineIOSUITests;
				PRODUCT_NAME = "$(TARGET_NAME)";
				SDKROOT = iphoneos;
				SWIFT_EMIT_LOC_STRINGS = NO;
				SWIFT_VERSION = 5.0;
				TARGETED_DEVICE_FAMILY = "1,2";
				TEST_TARGET_NAME = InlineIOS;
			};
			name = Debug;
		};
		C38A285D2CA5AB9200D3DFB8 /* Release */ = {
			isa = XCBuildConfiguration;
			buildSettings = {
				CODE_SIGN_STYLE = Automatic;
				CURRENT_PROJECT_VERSION = 1;
				DEVELOPMENT_TEAM = 2487AN8AL4;
				GENERATE_INFOPLIST_FILE = YES;
				IPHONEOS_DEPLOYMENT_TARGET = 17.0;
				MARKETING_VERSION = 1.0;
				PRODUCT_BUNDLE_IDENTIFIER = chat.inline.InlineIOSUITests;
				PRODUCT_NAME = "$(TARGET_NAME)";
				SDKROOT = iphoneos;
				SWIFT_EMIT_LOC_STRINGS = NO;
				SWIFT_VERSION = 5.0;
				TARGETED_DEVICE_FAMILY = "1,2";
				TEST_TARGET_NAME = InlineIOS;
				VALIDATE_PRODUCT = YES;
			};
			name = Release;
		};
		CD2661272CA01CB100EB186F /* Debug */ = {
			isa = XCBuildConfiguration;
			buildSettings = {
				ALWAYS_SEARCH_USER_PATHS = NO;
				ASSETCATALOG_COMPILER_GENERATE_SWIFT_ASSET_SYMBOL_EXTENSIONS = YES;
				CLANG_ANALYZER_NONNULL = YES;
				CLANG_ANALYZER_NUMBER_OBJECT_CONVERSION = YES_AGGRESSIVE;
				CLANG_CXX_LANGUAGE_STANDARD = "gnu++20";
				CLANG_ENABLE_MODULES = YES;
				CLANG_ENABLE_OBJC_ARC = YES;
				CLANG_ENABLE_OBJC_WEAK = YES;
				CLANG_WARN_BLOCK_CAPTURE_AUTORELEASING = YES;
				CLANG_WARN_BOOL_CONVERSION = YES;
				CLANG_WARN_COMMA = YES;
				CLANG_WARN_CONSTANT_CONVERSION = YES;
				CLANG_WARN_DEPRECATED_OBJC_IMPLEMENTATIONS = YES;
				CLANG_WARN_DIRECT_OBJC_ISA_USAGE = YES_ERROR;
				CLANG_WARN_DOCUMENTATION_COMMENTS = YES;
				CLANG_WARN_EMPTY_BODY = YES;
				CLANG_WARN_ENUM_CONVERSION = YES;
				CLANG_WARN_INFINITE_RECURSION = YES;
				CLANG_WARN_INT_CONVERSION = YES;
				CLANG_WARN_NON_LITERAL_NULL_CONVERSION = YES;
				CLANG_WARN_OBJC_IMPLICIT_RETAIN_SELF = YES;
				CLANG_WARN_OBJC_LITERAL_CONVERSION = YES;
				CLANG_WARN_OBJC_ROOT_CLASS = YES_ERROR;
				CLANG_WARN_QUOTED_INCLUDE_IN_FRAMEWORK_HEADER = YES;
				CLANG_WARN_RANGE_LOOP_ANALYSIS = YES;
				CLANG_WARN_STRICT_PROTOTYPES = YES;
				CLANG_WARN_SUSPICIOUS_MOVE = YES;
				CLANG_WARN_UNGUARDED_AVAILABILITY = YES_AGGRESSIVE;
				CLANG_WARN_UNREACHABLE_CODE = YES;
				CLANG_WARN__DUPLICATE_METHOD_MATCH = YES;
				COPY_PHASE_STRIP = NO;
				DEBUG_INFORMATION_FORMAT = dwarf;
				ENABLE_STRICT_OBJC_MSGSEND = YES;
				ENABLE_TESTABILITY = YES;
				ENABLE_USER_SCRIPT_SANDBOXING = YES;
				GCC_C_LANGUAGE_STANDARD = gnu17;
				GCC_DYNAMIC_NO_PIC = NO;
				GCC_NO_COMMON_BLOCKS = YES;
				GCC_OPTIMIZATION_LEVEL = 0;
				GCC_PREPROCESSOR_DEFINITIONS = (
					"DEBUG=1",
					"$(inherited)",
				);
				GCC_WARN_64_TO_32_BIT_CONVERSION = YES;
				GCC_WARN_ABOUT_RETURN_TYPE = YES_ERROR;
				GCC_WARN_UNDECLARED_SELECTOR = YES;
				GCC_WARN_UNINITIALIZED_AUTOS = YES_AGGRESSIVE;
				GCC_WARN_UNUSED_FUNCTION = YES;
				GCC_WARN_UNUSED_VARIABLE = YES;
				LOCALIZATION_PREFERS_STRING_CATALOGS = YES;
				MTL_ENABLE_DEBUG_INFO = INCLUDE_SOURCE;
				MTL_FAST_MATH = YES;
				ONLY_ACTIVE_ARCH = YES;
				SWIFT_ACTIVE_COMPILATION_CONDITIONS = "DEBUG $(inherited)";
				SWIFT_EMIT_LOC_STRINGS = YES;
				SWIFT_OPTIMIZATION_LEVEL = "-Onone";
			};
			name = Debug;
		};
		CD2661282CA01CB100EB186F /* Release */ = {
			isa = XCBuildConfiguration;
			buildSettings = {
				ALWAYS_SEARCH_USER_PATHS = NO;
				ASSETCATALOG_COMPILER_GENERATE_SWIFT_ASSET_SYMBOL_EXTENSIONS = YES;
				CLANG_ANALYZER_NONNULL = YES;
				CLANG_ANALYZER_NUMBER_OBJECT_CONVERSION = YES_AGGRESSIVE;
				CLANG_CXX_LANGUAGE_STANDARD = "gnu++20";
				CLANG_ENABLE_MODULES = YES;
				CLANG_ENABLE_OBJC_ARC = YES;
				CLANG_ENABLE_OBJC_WEAK = YES;
				CLANG_WARN_BLOCK_CAPTURE_AUTORELEASING = YES;
				CLANG_WARN_BOOL_CONVERSION = YES;
				CLANG_WARN_COMMA = YES;
				CLANG_WARN_CONSTANT_CONVERSION = YES;
				CLANG_WARN_DEPRECATED_OBJC_IMPLEMENTATIONS = YES;
				CLANG_WARN_DIRECT_OBJC_ISA_USAGE = YES_ERROR;
				CLANG_WARN_DOCUMENTATION_COMMENTS = YES;
				CLANG_WARN_EMPTY_BODY = YES;
				CLANG_WARN_ENUM_CONVERSION = YES;
				CLANG_WARN_INFINITE_RECURSION = YES;
				CLANG_WARN_INT_CONVERSION = YES;
				CLANG_WARN_NON_LITERAL_NULL_CONVERSION = YES;
				CLANG_WARN_OBJC_IMPLICIT_RETAIN_SELF = YES;
				CLANG_WARN_OBJC_LITERAL_CONVERSION = YES;
				CLANG_WARN_OBJC_ROOT_CLASS = YES_ERROR;
				CLANG_WARN_QUOTED_INCLUDE_IN_FRAMEWORK_HEADER = YES;
				CLANG_WARN_RANGE_LOOP_ANALYSIS = YES;
				CLANG_WARN_STRICT_PROTOTYPES = YES;
				CLANG_WARN_SUSPICIOUS_MOVE = YES;
				CLANG_WARN_UNGUARDED_AVAILABILITY = YES_AGGRESSIVE;
				CLANG_WARN_UNREACHABLE_CODE = YES;
				CLANG_WARN__DUPLICATE_METHOD_MATCH = YES;
				COPY_PHASE_STRIP = NO;
				DEBUG_INFORMATION_FORMAT = "dwarf-with-dsym";
				ENABLE_NS_ASSERTIONS = NO;
				ENABLE_STRICT_OBJC_MSGSEND = YES;
				ENABLE_USER_SCRIPT_SANDBOXING = YES;
				GCC_C_LANGUAGE_STANDARD = gnu17;
				GCC_NO_COMMON_BLOCKS = YES;
				GCC_WARN_64_TO_32_BIT_CONVERSION = YES;
				GCC_WARN_ABOUT_RETURN_TYPE = YES_ERROR;
				GCC_WARN_UNDECLARED_SELECTOR = YES;
				GCC_WARN_UNINITIALIZED_AUTOS = YES_AGGRESSIVE;
				GCC_WARN_UNUSED_FUNCTION = YES;
				GCC_WARN_UNUSED_VARIABLE = YES;
				LOCALIZATION_PREFERS_STRING_CATALOGS = YES;
				MTL_ENABLE_DEBUG_INFO = NO;
				MTL_FAST_MATH = YES;
				SWIFT_COMPILATION_MODE = wholemodule;
				SWIFT_EMIT_LOC_STRINGS = YES;
			};
			name = Release;
		};
		CD2661882CA01E4000EB186F /* Debug */ = {
			isa = XCBuildConfiguration;
			baseConfigurationReference = CD5326842CE113CD00EC348D /* Config.xcconfig */;
			buildSettings = {
				ASSETCATALOG_COMPILER_APPICON_NAME = AppIcon;
				ASSETCATALOG_COMPILER_GLOBAL_ACCENT_COLOR_NAME = AccentColor;
				ASSETCATALOG_COMPILER_INCLUDE_ALL_APPICON_ASSETS = NO;
				CODE_SIGN_ENTITLEMENTS = InlineMac/InlineMac.entitlements;
				CODE_SIGN_STYLE = Automatic;
				COMBINE_HIDPI_IMAGES = YES;
				CURRENT_PROJECT_VERSION = 1;
				DEVELOPMENT_ASSET_PATHS = "\"InlineMac/Preview Content\"";
				DEVELOPMENT_TEAM = 2487AN8AL4;
				ENABLE_HARDENED_RUNTIME = YES;
				ENABLE_PREVIEWS = YES;
				GENERATE_INFOPLIST_FILE = YES;
				INFOPLIST_FILE = InlineMac/Info.plist;
				INFOPLIST_KEY_CFBundleDisplayName = Inline;
				INFOPLIST_KEY_LSApplicationCategoryType = "public.app-category.business";
				INFOPLIST_KEY_NSHumanReadableCopyright = "";
				LD_RUNPATH_SEARCH_PATHS = (
					"$(inherited)",
					"@executable_path/../Frameworks",
				);
				MACOSX_DEPLOYMENT_TARGET = 13.5;
				MARKETING_VERSION = 0.1;
				PRODUCT_BUNDLE_IDENTIFIER = chat.inline.InlineMac.debug;
				PRODUCT_NAME = Inline;
				SDKROOT = macosx;
				SWIFT_EMIT_LOC_STRINGS = YES;
				SWIFT_VERSION = 5.0;
			};
			name = Debug;
		};
		CD2661892CA01E4000EB186F /* Release */ = {
			isa = XCBuildConfiguration;
			baseConfigurationReference = CD5326862CE1149700EC348D /* Config.release.xcconfig */;
			buildSettings = {
				ASSETCATALOG_COMPILER_APPICON_NAME = AppIcon;
				ASSETCATALOG_COMPILER_GLOBAL_ACCENT_COLOR_NAME = AccentColor;
				ASSETCATALOG_COMPILER_INCLUDE_ALL_APPICON_ASSETS = NO;
				CODE_SIGN_ENTITLEMENTS = InlineMac/InlineMac.entitlements;
				CODE_SIGN_STYLE = Automatic;
				COMBINE_HIDPI_IMAGES = YES;
				CURRENT_PROJECT_VERSION = 1;
				DEVELOPMENT_ASSET_PATHS = "\"InlineMac/Preview Content\"";
				DEVELOPMENT_TEAM = 2487AN8AL4;
				ENABLE_HARDENED_RUNTIME = YES;
				ENABLE_PREVIEWS = YES;
				GENERATE_INFOPLIST_FILE = YES;
				INFOPLIST_FILE = InlineMac/Info.plist;
				INFOPLIST_KEY_CFBundleDisplayName = Inline;
				INFOPLIST_KEY_LSApplicationCategoryType = "public.app-category.business";
				INFOPLIST_KEY_NSHumanReadableCopyright = "";
				LD_RUNPATH_SEARCH_PATHS = (
					"$(inherited)",
					"@executable_path/../Frameworks",
				);
				MACOSX_DEPLOYMENT_TARGET = 13.5;
				MARKETING_VERSION = 0.1;
				PRODUCT_BUNDLE_IDENTIFIER = chat.inline.InlineMac;
				PRODUCT_NAME = Inline;
				SDKROOT = macosx;
				SWIFT_EMIT_LOC_STRINGS = YES;
				SWIFT_VERSION = 5.0;
			};
			name = Release;
		};
		CD26618B2CA01E4000EB186F /* Debug */ = {
			isa = XCBuildConfiguration;
			buildSettings = {
				BUNDLE_LOADER = "$(TEST_HOST)";
				CODE_SIGN_STYLE = Automatic;
				CURRENT_PROJECT_VERSION = 1;
				DEVELOPMENT_TEAM = 2487AN8AL4;
				GENERATE_INFOPLIST_FILE = YES;
				MACOSX_DEPLOYMENT_TARGET = 15.0;
				MARKETING_VERSION = 1.0;
				PRODUCT_BUNDLE_IDENTIFIER = chat.inline.InlineMacTests;
				PRODUCT_NAME = "$(TARGET_NAME)";
				SDKROOT = macosx;
				SWIFT_EMIT_LOC_STRINGS = NO;
				SWIFT_VERSION = 5.0;
				TEST_HOST = "$(BUILT_PRODUCTS_DIR)/InlineMac.app/$(BUNDLE_EXECUTABLE_FOLDER_PATH)/InlineMac";
			};
			name = Debug;
		};
		CD26618C2CA01E4000EB186F /* Release */ = {
			isa = XCBuildConfiguration;
			buildSettings = {
				BUNDLE_LOADER = "$(TEST_HOST)";
				CODE_SIGN_STYLE = Automatic;
				CURRENT_PROJECT_VERSION = 1;
				DEVELOPMENT_TEAM = 2487AN8AL4;
				GENERATE_INFOPLIST_FILE = YES;
				MACOSX_DEPLOYMENT_TARGET = 15.0;
				MARKETING_VERSION = 1.0;
				PRODUCT_BUNDLE_IDENTIFIER = chat.inline.InlineMacTests;
				PRODUCT_NAME = "$(TARGET_NAME)";
				SDKROOT = macosx;
				SWIFT_EMIT_LOC_STRINGS = NO;
				SWIFT_VERSION = 5.0;
				TEST_HOST = "$(BUILT_PRODUCTS_DIR)/InlineMac.app/$(BUNDLE_EXECUTABLE_FOLDER_PATH)/InlineMac";
			};
			name = Release;
		};
		CD26618E2CA01E4000EB186F /* Debug */ = {
			isa = XCBuildConfiguration;
			buildSettings = {
				CODE_SIGN_STYLE = Automatic;
				CURRENT_PROJECT_VERSION = 1;
				DEVELOPMENT_TEAM = 2487AN8AL4;
				GENERATE_INFOPLIST_FILE = YES;
				MACOSX_DEPLOYMENT_TARGET = 15.0;
				MARKETING_VERSION = 1.0;
				PRODUCT_BUNDLE_IDENTIFIER = chat.inline.InlineMacUITests;
				PRODUCT_NAME = "$(TARGET_NAME)";
				SDKROOT = macosx;
				SWIFT_EMIT_LOC_STRINGS = NO;
				SWIFT_VERSION = 5.0;
				TEST_TARGET_NAME = InlineMac;
			};
			name = Debug;
		};
		CD26618F2CA01E4000EB186F /* Release */ = {
			isa = XCBuildConfiguration;
			buildSettings = {
				CODE_SIGN_STYLE = Automatic;
				CURRENT_PROJECT_VERSION = 1;
				DEVELOPMENT_TEAM = 2487AN8AL4;
				GENERATE_INFOPLIST_FILE = YES;
				MACOSX_DEPLOYMENT_TARGET = 15.0;
				MARKETING_VERSION = 1.0;
				PRODUCT_BUNDLE_IDENTIFIER = chat.inline.InlineMacUITests;
				PRODUCT_NAME = "$(TARGET_NAME)";
				SDKROOT = macosx;
				SWIFT_EMIT_LOC_STRINGS = NO;
				SWIFT_VERSION = 5.0;
				TEST_TARGET_NAME = InlineMac;
			};
			name = Release;
		};
		CDE960F92CE9052F00007797 /* Debug #2 */ = {
			isa = XCBuildConfiguration;
			buildSettings = {
				ALWAYS_SEARCH_USER_PATHS = NO;
				ASSETCATALOG_COMPILER_GENERATE_SWIFT_ASSET_SYMBOL_EXTENSIONS = YES;
				CLANG_ANALYZER_NONNULL = YES;
				CLANG_ANALYZER_NUMBER_OBJECT_CONVERSION = YES_AGGRESSIVE;
				CLANG_CXX_LANGUAGE_STANDARD = "gnu++20";
				CLANG_ENABLE_MODULES = YES;
				CLANG_ENABLE_OBJC_ARC = YES;
				CLANG_ENABLE_OBJC_WEAK = YES;
				CLANG_WARN_BLOCK_CAPTURE_AUTORELEASING = YES;
				CLANG_WARN_BOOL_CONVERSION = YES;
				CLANG_WARN_COMMA = YES;
				CLANG_WARN_CONSTANT_CONVERSION = YES;
				CLANG_WARN_DEPRECATED_OBJC_IMPLEMENTATIONS = YES;
				CLANG_WARN_DIRECT_OBJC_ISA_USAGE = YES_ERROR;
				CLANG_WARN_DOCUMENTATION_COMMENTS = YES;
				CLANG_WARN_EMPTY_BODY = YES;
				CLANG_WARN_ENUM_CONVERSION = YES;
				CLANG_WARN_INFINITE_RECURSION = YES;
				CLANG_WARN_INT_CONVERSION = YES;
				CLANG_WARN_NON_LITERAL_NULL_CONVERSION = YES;
				CLANG_WARN_OBJC_IMPLICIT_RETAIN_SELF = YES;
				CLANG_WARN_OBJC_LITERAL_CONVERSION = YES;
				CLANG_WARN_OBJC_ROOT_CLASS = YES_ERROR;
				CLANG_WARN_QUOTED_INCLUDE_IN_FRAMEWORK_HEADER = YES;
				CLANG_WARN_RANGE_LOOP_ANALYSIS = YES;
				CLANG_WARN_STRICT_PROTOTYPES = YES;
				CLANG_WARN_SUSPICIOUS_MOVE = YES;
				CLANG_WARN_UNGUARDED_AVAILABILITY = YES_AGGRESSIVE;
				CLANG_WARN_UNREACHABLE_CODE = YES;
				CLANG_WARN__DUPLICATE_METHOD_MATCH = YES;
				COPY_PHASE_STRIP = NO;
				DEBUG_INFORMATION_FORMAT = dwarf;
				ENABLE_STRICT_OBJC_MSGSEND = YES;
				ENABLE_TESTABILITY = YES;
				ENABLE_USER_SCRIPT_SANDBOXING = YES;
				GCC_C_LANGUAGE_STANDARD = gnu17;
				GCC_DYNAMIC_NO_PIC = NO;
				GCC_NO_COMMON_BLOCKS = YES;
				GCC_OPTIMIZATION_LEVEL = 0;
				GCC_PREPROCESSOR_DEFINITIONS = (
					"DEBUG=1",
					"$(inherited)",
				);
				GCC_WARN_64_TO_32_BIT_CONVERSION = YES;
				GCC_WARN_ABOUT_RETURN_TYPE = YES_ERROR;
				GCC_WARN_UNDECLARED_SELECTOR = YES;
				GCC_WARN_UNINITIALIZED_AUTOS = YES_AGGRESSIVE;
				GCC_WARN_UNUSED_FUNCTION = YES;
				GCC_WARN_UNUSED_VARIABLE = YES;
				LOCALIZATION_PREFERS_STRING_CATALOGS = YES;
				MTL_ENABLE_DEBUG_INFO = INCLUDE_SOURCE;
				MTL_FAST_MATH = YES;
				ONLY_ACTIVE_ARCH = YES;
				SWIFT_ACTIVE_COMPILATION_CONDITIONS = "DEBUG $(inherited)";
				SWIFT_EMIT_LOC_STRINGS = YES;
				SWIFT_OPTIMIZATION_LEVEL = "-Onone";
			};
			name = "Debug #2";
		};
		CDE960FA2CE9052F00007797 /* Debug #2 */ = {
			isa = XCBuildConfiguration;
			baseConfigurationReference = CD5326842CE113CD00EC348D /* Config.xcconfig */;
			buildSettings = {
				ASSETCATALOG_COMPILER_APPICON_NAME = AppIcon;
				ASSETCATALOG_COMPILER_GLOBAL_ACCENT_COLOR_NAME = AccentColor;
				ASSETCATALOG_COMPILER_INCLUDE_ALL_APPICON_ASSETS = NO;
				CODE_SIGN_ENTITLEMENTS = InlineMac/InlineMac.entitlements;
				CODE_SIGN_STYLE = Automatic;
				COMBINE_HIDPI_IMAGES = YES;
				CURRENT_PROJECT_VERSION = 1;
				DEVELOPMENT_ASSET_PATHS = "\"InlineMac/Preview Content\"";
				DEVELOPMENT_TEAM = 2487AN8AL4;
				ENABLE_HARDENED_RUNTIME = YES;
				ENABLE_PREVIEWS = YES;
				GENERATE_INFOPLIST_FILE = YES;
				INFOPLIST_FILE = InlineMac/Info.plist;
				INFOPLIST_KEY_CFBundleDisplayName = Inline;
				INFOPLIST_KEY_LSApplicationCategoryType = "public.app-category.business";
				INFOPLIST_KEY_NSHumanReadableCopyright = "";
				LD_RUNPATH_SEARCH_PATHS = (
					"$(inherited)",
					"@executable_path/../Frameworks",
				);
				MACOSX_DEPLOYMENT_TARGET = 13.5;
				MARKETING_VERSION = 0.1;
				PRODUCT_BUNDLE_IDENTIFIER = chat.inline.InlineMac.debug2;
				PRODUCT_NAME = Inline;
				SDKROOT = macosx;
				SWIFT_EMIT_LOC_STRINGS = YES;
				SWIFT_VERSION = 5.0;
			};
			name = "Debug #2";
		};
		CDE960FB2CE9052F00007797 /* Debug #2 */ = {
			isa = XCBuildConfiguration;
			buildSettings = {
				BUNDLE_LOADER = "$(TEST_HOST)";
				CODE_SIGN_STYLE = Automatic;
				CURRENT_PROJECT_VERSION = 1;
				DEVELOPMENT_TEAM = 2487AN8AL4;
				GENERATE_INFOPLIST_FILE = YES;
				MACOSX_DEPLOYMENT_TARGET = 15.0;
				MARKETING_VERSION = 1.0;
				PRODUCT_BUNDLE_IDENTIFIER = chat.inline.InlineMacTests;
				PRODUCT_NAME = "$(TARGET_NAME)";
				SDKROOT = macosx;
				SWIFT_EMIT_LOC_STRINGS = NO;
				SWIFT_VERSION = 5.0;
				TEST_HOST = "$(BUILT_PRODUCTS_DIR)/InlineMac.app/$(BUNDLE_EXECUTABLE_FOLDER_PATH)/InlineMac";
			};
			name = "Debug #2";
		};
		CDE960FC2CE9052F00007797 /* Debug #2 */ = {
			isa = XCBuildConfiguration;
			buildSettings = {
				CODE_SIGN_STYLE = Automatic;
				CURRENT_PROJECT_VERSION = 1;
				DEVELOPMENT_TEAM = 2487AN8AL4;
				GENERATE_INFOPLIST_FILE = YES;
				MACOSX_DEPLOYMENT_TARGET = 15.0;
				MARKETING_VERSION = 1.0;
				PRODUCT_BUNDLE_IDENTIFIER = chat.inline.InlineMacUITests;
				PRODUCT_NAME = "$(TARGET_NAME)";
				SDKROOT = macosx;
				SWIFT_EMIT_LOC_STRINGS = NO;
				SWIFT_VERSION = 5.0;
				TEST_TARGET_NAME = InlineMac;
			};
			name = "Debug #2";
		};
		CDE960FD2CE9052F00007797 /* Debug #2 */ = {
			isa = XCBuildConfiguration;
			baseConfigurationReference = CD5326842CE113CD00EC348D /* Config.xcconfig */;
			buildSettings = {
				ASSETCATALOG_COMPILER_APPICON_NAME = AppIcon;
				ASSETCATALOG_COMPILER_GLOBAL_ACCENT_COLOR_NAME = AccentColor;
				CODE_SIGN_ENTITLEMENTS = InlineIOS/InlineIOS.entitlements;
				CODE_SIGN_STYLE = Automatic;
				CURRENT_PROJECT_VERSION = 2;
				DEVELOPMENT_ASSET_PATHS = "";
				DEVELOPMENT_TEAM = 2487AN8AL4;
				ENABLE_PREVIEWS = YES;
				GENERATE_INFOPLIST_FILE = YES;
				INFOPLIST_FILE = InlineIOS/Info.plist;
				INFOPLIST_KEY_CFBundleDisplayName = Inline;
				INFOPLIST_KEY_LSApplicationCategoryType = "public.app-category.business";
				INFOPLIST_KEY_UIApplicationSceneManifest_Generation = YES;
				INFOPLIST_KEY_UIApplicationSupportsIndirectInputEvents = YES;
				INFOPLIST_KEY_UILaunchScreen_Generation = YES;
				INFOPLIST_KEY_UISupportedInterfaceOrientations_iPad = "UIInterfaceOrientationPortrait UIInterfaceOrientationPortraitUpsideDown UIInterfaceOrientationLandscapeLeft UIInterfaceOrientationLandscapeRight";
				INFOPLIST_KEY_UISupportedInterfaceOrientations_iPhone = "UIInterfaceOrientationPortrait UIInterfaceOrientationLandscapeLeft UIInterfaceOrientationLandscapeRight";
				IPHONEOS_DEPLOYMENT_TARGET = 17.0;
				LD_RUNPATH_SEARCH_PATHS = (
					"$(inherited)",
					"@executable_path/Frameworks",
				);
				MARKETING_VERSION = 0.1;
				PRODUCT_BUNDLE_IDENTIFIER = chat.inline.InlineIOS;
				PRODUCT_NAME = "$(TARGET_NAME)";
				SDKROOT = iphoneos;
				SUPPORTED_PLATFORMS = "iphoneos iphonesimulator";
				SUPPORTS_MACCATALYST = NO;
				SUPPORTS_MAC_DESIGNED_FOR_IPHONE_IPAD = NO;
				SWIFT_EMIT_LOC_STRINGS = YES;
				SWIFT_VERSION = 5.0;
				TARGETED_DEVICE_FAMILY = "1,2";
			};
			name = "Debug #2";
		};
		CDE960FE2CE9052F00007797 /* Debug #2 */ = {
			isa = XCBuildConfiguration;
			buildSettings = {
				BUNDLE_LOADER = "$(TEST_HOST)";
				CODE_SIGN_STYLE = Automatic;
				CURRENT_PROJECT_VERSION = 1;
				DEVELOPMENT_TEAM = 2487AN8AL4;
				GENERATE_INFOPLIST_FILE = YES;
				IPHONEOS_DEPLOYMENT_TARGET = 17.0;
				MARKETING_VERSION = 1.0;
				PRODUCT_BUNDLE_IDENTIFIER = chat.inline.InlineIOSTests;
				PRODUCT_NAME = "$(TARGET_NAME)";
				SDKROOT = iphoneos;
				SWIFT_EMIT_LOC_STRINGS = NO;
				SWIFT_VERSION = 5.0;
				TARGETED_DEVICE_FAMILY = "1,2";
				TEST_HOST = "$(BUILT_PRODUCTS_DIR)/InlineIOS.app/$(BUNDLE_EXECUTABLE_FOLDER_PATH)/InlineIOS";
			};
			name = "Debug #2";
		};
		CDE960FF2CE9052F00007797 /* Debug #2 */ = {
			isa = XCBuildConfiguration;
			buildSettings = {
				CODE_SIGN_STYLE = Automatic;
				CURRENT_PROJECT_VERSION = 1;
				DEVELOPMENT_TEAM = 2487AN8AL4;
				GENERATE_INFOPLIST_FILE = YES;
				IPHONEOS_DEPLOYMENT_TARGET = 17.0;
				MARKETING_VERSION = 1.0;
				PRODUCT_BUNDLE_IDENTIFIER = chat.inline.InlineIOSUITests;
				PRODUCT_NAME = "$(TARGET_NAME)";
				SDKROOT = iphoneos;
				SWIFT_EMIT_LOC_STRINGS = NO;
				SWIFT_VERSION = 5.0;
				TARGETED_DEVICE_FAMILY = "1,2";
				TEST_TARGET_NAME = InlineIOS;
			};
			name = "Debug #2";
		};
/* End XCBuildConfiguration section */

/* Begin XCConfigurationList section */
		C38A285E2CA5AB9200D3DFB8 /* Build configuration list for PBXNativeTarget "InlineIOS" */ = {
			isa = XCConfigurationList;
			buildConfigurations = (
				C38A28582CA5AB9200D3DFB8 /* Debug */,
				CDE960FD2CE9052F00007797 /* Debug #2 */,
				C38A28592CA5AB9200D3DFB8 /* Release */,
			);
			defaultConfigurationIsVisible = 0;
			defaultConfigurationName = Release;
		};
		C38A285F2CA5AB9200D3DFB8 /* Build configuration list for PBXNativeTarget "InlineIOSTests" */ = {
			isa = XCConfigurationList;
			buildConfigurations = (
				C38A285A2CA5AB9200D3DFB8 /* Debug */,
				CDE960FE2CE9052F00007797 /* Debug #2 */,
				C38A285B2CA5AB9200D3DFB8 /* Release */,
			);
			defaultConfigurationIsVisible = 0;
			defaultConfigurationName = Release;
		};
		C38A28602CA5AB9200D3DFB8 /* Build configuration list for PBXNativeTarget "InlineIOSUITests" */ = {
			isa = XCConfigurationList;
			buildConfigurations = (
				C38A285C2CA5AB9200D3DFB8 /* Debug */,
				CDE960FF2CE9052F00007797 /* Debug #2 */,
				C38A285D2CA5AB9200D3DFB8 /* Release */,
			);
			defaultConfigurationIsVisible = 0;
			defaultConfigurationName = Release;
		};
		CD2660FF2CA01CAE00EB186F /* Build configuration list for PBXProject "Inline" */ = {
			isa = XCConfigurationList;
			buildConfigurations = (
				CD2661272CA01CB100EB186F /* Debug */,
				CDE960F92CE9052F00007797 /* Debug #2 */,
				CD2661282CA01CB100EB186F /* Release */,
			);
			defaultConfigurationIsVisible = 0;
			defaultConfigurationName = Release;
		};
		CD2661872CA01E4000EB186F /* Build configuration list for PBXNativeTarget "InlineMac" */ = {
			isa = XCConfigurationList;
			buildConfigurations = (
				CD2661882CA01E4000EB186F /* Debug */,
				CDE960FA2CE9052F00007797 /* Debug #2 */,
				CD2661892CA01E4000EB186F /* Release */,
			);
			defaultConfigurationIsVisible = 0;
			defaultConfigurationName = Release;
		};
		CD26618A2CA01E4000EB186F /* Build configuration list for PBXNativeTarget "InlineMacTests" */ = {
			isa = XCConfigurationList;
			buildConfigurations = (
				CD26618B2CA01E4000EB186F /* Debug */,
				CDE960FB2CE9052F00007797 /* Debug #2 */,
				CD26618C2CA01E4000EB186F /* Release */,
			);
			defaultConfigurationIsVisible = 0;
			defaultConfigurationName = Release;
		};
		CD26618D2CA01E4000EB186F /* Build configuration list for PBXNativeTarget "InlineMacUITests" */ = {
			isa = XCConfigurationList;
			buildConfigurations = (
				CD26618E2CA01E4000EB186F /* Debug */,
				CDE960FC2CE9052F00007797 /* Debug #2 */,
				CD26618F2CA01E4000EB186F /* Release */,
			);
			defaultConfigurationIsVisible = 0;
			defaultConfigurationName = Release;
		};
/* End XCConfigurationList section */

/* Begin XCRemoteSwiftPackageReference section */
		C35092C82CAEA7DA00AE3E23 /* XCRemoteSwiftPackageReference "sentry-cocoa" */ = {
			isa = XCRemoteSwiftPackageReference;
			repositoryURL = "https://github.com/getsentry/sentry-cocoa";
			requirement = {
				kind = upToNextMajorVersion;
				minimumVersion = 8.41.0;
			};
		};
		C35092D32CAEE8EA00AE3E23 /* XCRemoteSwiftPackageReference "keychain-swift" */ = {
			isa = XCRemoteSwiftPackageReference;
			repositoryURL = "https://github.com/evgenyneu/keychain-swift";
			requirement = {
				kind = upToNextMajorVersion;
				minimumVersion = 24.0.0;
			};
		};
		C3E6D5C92CAE82B00048D2D8 /* XCRemoteSwiftPackageReference "GRDB" */ = {
			isa = XCRemoteSwiftPackageReference;
			repositoryURL = "https://github.com/inlinehq/GRDB.swift";
			requirement = {
				kind = upToNextMajorVersion;
				minimumVersion = 3.0.8;
			};
		};
		CD0A3CD82CD536DF0081AD69 /* XCRemoteSwiftPackageReference "GRDBQuery" */ = {
			isa = XCRemoteSwiftPackageReference;
			repositoryURL = "https://github.com/inlinehq/GRDBQuery";
			requirement = {
				kind = upToNextMajorVersion;
				minimumVersion = 0.10.2;
			};
		};
		CDE960142CB94C4F004C541C /* XCRemoteSwiftPackageReference "swiftui-introspect" */ = {
			isa = XCRemoteSwiftPackageReference;
			repositoryURL = "https://github.com/siteline/swiftui-introspect";
			requirement = {
				kind = upToNextMajorVersion;
				minimumVersion = 1.3.0;
			};
		};
/* End XCRemoteSwiftPackageReference section */

/* Begin XCSwiftPackageProductDependency section */
		C35092C92CAEA7DB00AE3E23 /* Sentry */ = {
			isa = XCSwiftPackageProductDependency;
			package = C35092C82CAEA7DA00AE3E23 /* XCRemoteSwiftPackageReference "sentry-cocoa" */;
			productName = Sentry;
		};
		C35092D42CAEE8EA00AE3E23 /* KeychainSwift */ = {
			isa = XCSwiftPackageProductDependency;
			package = C35092D32CAEE8EA00AE3E23 /* XCRemoteSwiftPackageReference "keychain-swift" */;
			productName = KeychainSwift;
		};
		C35E950D2CAC497700D569AF /* GRDB */ = {
			isa = XCSwiftPackageProductDependency;
			productName = GRDB;
		};
		C35EC8212CC2A24A0067979B /* InlineKit */ = {
			isa = XCSwiftPackageProductDependency;
			productName = InlineKit;
		};
		C35EC9F32CC4176D0067979B /* SwiftUIIntrospect */ = {
			isa = XCSwiftPackageProductDependency;
			package = CDE960142CB94C4F004C541C /* XCRemoteSwiftPackageReference "swiftui-introspect" */;
			productName = SwiftUIIntrospect;
		};
		C38C905D2CB9431900B78B8A /* InlineKit */ = {
			isa = XCSwiftPackageProductDependency;
			productName = InlineKit;
		};
		C38C905F2CB9432200B78B8A /* InlineKit */ = {
			isa = XCSwiftPackageProductDependency;
			productName = InlineKit;
		};
		C3CC99182CCE9AF7007F7F77 /* InlineUI */ = {
			isa = XCSwiftPackageProductDependency;
			productName = InlineUI;
		};
		C3CC991A2CCE9AFF007F7F77 /* InlineUI */ = {
			isa = XCSwiftPackageProductDependency;
			productName = InlineUI;
		};
		C3E6D5CA2CAE82B00048D2D8 /* GRDB */ = {
			isa = XCSwiftPackageProductDependency;
			package = C3E6D5C92CAE82B00048D2D8 /* XCRemoteSwiftPackageReference "GRDB" */;
			productName = GRDB;
		};
		CD0A3CD92CD536DF0081AD69 /* GRDBQuery */ = {
			isa = XCSwiftPackageProductDependency;
			package = CD0A3CD82CD536DF0081AD69 /* XCRemoteSwiftPackageReference "GRDBQuery" */;
			productName = GRDBQuery;
		};
		CD26CEAB2CB94E7900665A89 /* Sentry */ = {
			isa = XCSwiftPackageProductDependency;
			productName = Sentry;
		};
		CD27856E2CFB053C008A0EEF /* InlineConfig */ = {
			isa = XCSwiftPackageProductDependency;
			productName = InlineConfig;
		};
		CD2785702CFB0916008A0EEF /* InlineConfig */ = {
			isa = XCSwiftPackageProductDependency;
			productName = InlineConfig;
		};
		CDE960152CB94C4F004C541C /* SwiftUIIntrospect */ = {
			isa = XCSwiftPackageProductDependency;
			package = CDE960142CB94C4F004C541C /* XCRemoteSwiftPackageReference "swiftui-introspect" */;
			productName = SwiftUIIntrospect;
		};
		CDE9601B2CB94D1C004C541C /* KeychainSwift */ = {
			isa = XCSwiftPackageProductDependency;
			package = C35092D32CAEE8EA00AE3E23 /* XCRemoteSwiftPackageReference "keychain-swift" */;
			productName = KeychainSwift;
		};
/* End XCSwiftPackageProductDependency section */
	};
	rootObject = CD2660FC2CA01CAE00EB186F /* Project object */;
}
